{
  "version": 4,
  "terraform_version": "1.2.3",
  "serial": 4,
  "lineage": "a47b04d7-2ebb-818a-0d61-21d40c3b1555",
  "outputs": {},
  "resources": [
    {
      "mode": "data",
      "type": "google_compute_network",
      "name": "default",
      "provider": "provider[\"registry.terraform.io/hashicorp/google\"]",
      "instances": [
        {
          "schema_version": 0,
          "attributes": {
            "description": "",
            "gateway_ipv4": "",
            "id": "projects/lustrous-camera-352403/global/networks/multi-mig-lb-http",
            "name": "multi-mig-lb-http",
            "project": "lustrous-camera-352403",
            "self_link": "https://www.googleapis.com/compute/v1/projects/lustrous-camera-352403/global/networks/multi-mig-lb-http",
            "subnetworks_self_links": [
              "https://www.googleapis.com/compute/v1/projects/lustrous-camera-352403/regions/us-west1/subnetworks/multi-mig-lb-http-group1",
              "https://www.googleapis.com/compute/v1/projects/lustrous-camera-352403/regions/us-east1/subnetworks/multi-mig-lb-http-group2"
            ]
          },
          "sensitive_attributes": []
        }
      ]
    },
    {
      "mode": "managed",
      "type": "google_compute_router",
      "name": "group1",
      "provider": "provider[\"registry.terraform.io/hashicorp/google\"]",
      "instances": [
        {
          "schema_version": 0,
          "attributes": {
            "bgp": [],
            "creation_timestamp": "2022-07-03T22:21:23.413-07:00",
            "description": "",
            "encrypted_interconnect_router": false,
            "id": "projects/lustrous-camera-352403/regions/us-west1/routers/multi-mig-lb-http-gw-group1",
            "name": "multi-mig-lb-http-gw-group1",
            "network": "https://www.googleapis.com/compute/v1/projects/lustrous-camera-352403/global/networks/multi-mig-lb-http",
            "project": "lustrous-camera-352403",
            "region": "us-west1",
            "self_link": "https://www.googleapis.com/compute/v1/projects/lustrous-camera-352403/regions/us-west1/routers/multi-mig-lb-http-gw-group1",
            "timeouts": null
          },
          "sensitive_attributes": [],
          "private": "eyJlMmJmYjczMC1lY2FhLTExZTYtOGY4OC0zNDM2M2JjN2M0YzAiOnsiY3JlYXRlIjoxMjAwMDAwMDAwMDAwLCJkZWxldGUiOjEyMDAwMDAwMDAwMDAsInVwZGF0ZSI6MTIwMDAwMDAwMDAwMH19",
          "dependencies": [
            "data.google_compute_network.default"
          ]
        }
      ]
    },
    {
      "module": "module.cloud-nat-group1",
      "mode": "managed",
      "type": "google_compute_router_nat",
      "name": "main",
      "provider": "provider[\"registry.terraform.io/hashicorp/google\"]",
      "instances": [
        {
          "schema_version": 0,
          "attributes": {
            "drain_nat_ips": null,
            "enable_dynamic_port_allocation": false,
            "enable_endpoint_independent_mapping": true,
            "icmp_idle_timeout_sec": 30,
            "id": "lustrous-camera-352403/us-west1/multi-mig-lb-http-gw-group1/multi-mig-lb-http-cloud-nat-group1",
            "log_config": [],
            "max_ports_per_vm": 0,
            "min_ports_per_vm": 64,
            "name": "multi-mig-lb-http-cloud-nat-group1",
            "nat_ip_allocate_option": "AUTO_ONLY",
            "nat_ips": null,
            "project": "lustrous-camera-352403",
            "region": "us-west1",
            "router": "multi-mig-lb-http-gw-group1",
            "source_subnetwork_ip_ranges_to_nat": "ALL_SUBNETWORKS_ALL_IP_RANGES",
            "subnetwork": [],
            "tcp_established_idle_timeout_sec": 1200,
            "tcp_transitory_idle_timeout_sec": 30,
            "timeouts": null,
            "udp_idle_timeout_sec": 30
          },
          "sensitive_attributes": [],
          "private": "eyJlMmJmYjczMC1lY2FhLTExZTYtOGY4OC0zNDM2M2JjN2M0YzAiOnsiY3JlYXRlIjoxMjAwMDAwMDAwMDAwLCJkZWxldGUiOjEyMDAwMDAwMDAwMDAsInVwZGF0ZSI6MTIwMDAwMDAwMDAwMH19",
          "dependencies": [
            "data.google_compute_network.default",
            "google_compute_router.group1",
            "module.cloud-nat-group1.google_compute_router.router",
            "module.cloud-nat-group1.random_string.name_suffix"
          ]
        }
      ]
    },
    {
      "module": "module.cloud-nat-group1",
      "mode": "managed",
      "type": "random_string",
      "name": "name_suffix",
      "provider": "provider[\"registry.terraform.io/hashicorp/random\"]",
      "instances": [
        {
          "schema_version": 2,
          "attributes": {
            "id": "q3tawm",
            "keepers": null,
            "length": 6,
            "lower": true,
            "min_lower": 0,
            "min_numeric": 0,
            "min_special": 0,
            "min_upper": 0,
            "number": true,
            "numeric": true,
            "override_special": null,
            "result": "q3tawm",
            "special": false,
            "upper": false
          },
          "sensitive_attributes": [],
          "private": "eyJzY2hlbWFfdmVyc2lvbiI6IjIifQ=="
        }
      ]
    }
  ]
}
