{
  "version": 4,
  "terraform_version": "1.2.3",
  "serial": 6,
  "lineage": "06b3c9a4-d2a7-1a7d-4566-ed04560cb2a0",
  "outputs": {},
  "resources": [
    {
      "mode": "data",
      "type": "google_compute_network",
      "name": "git",
      "provider": "provider[\"registry.terraform.io/hashicorp/google\"]",
      "instances": [
        {
          "schema_version": 0,
          "attributes": {
            "description": "",
            "gateway_ipv4": "",
            "id": "projects/lustrous-camera-352403/global/networks/gitlab",
            "name": "gitlab",
            "project": "lustrous-camera-352403",
            "self_link": "https://www.googleapis.com/compute/v1/projects/lustrous-camera-352403/global/networks/gitlab",
            "subnetworks_self_links": [
              "https://www.googleapis.com/compute/v1/projects/lustrous-camera-352403/regions/us-central1/subnetworks/gitlab"
            ]
          },
          "sensitive_attributes": []
        }
      ]
    },
    {
      "mode": "managed",
      "type": "google_redis_instance",
      "name": "gitlab",
      "provider": "provider[\"registry.terraform.io/hashicorp/google\"]",
      "instances": [
        {
          "schema_version": 0,
          "attributes": {
            "alternative_location_id": "us-central1-c",
            "auth_enabled": false,
            "auth_string": "",
            "authorized_network": "projects/lustrous-camera-352403/global/networks/gitlab",
            "connect_mode": "DIRECT_PEERING",
            "create_time": "2022-06-30T08:11:53.754206818Z",
            "current_location_id": "us-central1-b",
            "display_name": "GitLab Redis",
            "host": "10.183.165.68",
            "id": "projects/lustrous-camera-352403/locations/us-central1/instances/gitlab",
            "labels": null,
            "location_id": "us-central1-b",
            "maintenance_policy": [],
            "maintenance_schedule": [],
            "memory_size_gb": 5,
            "name": "gitlab",
            "nodes": [
              {
                "id": "node-0",
                "zone": "us-central1-b"
              },
              {
                "id": "node-1",
                "zone": "us-central1-c"
              }
            ],
            "persistence_iam_identity": "serviceAccount:service-747989241967@cloud-redis.iam.gserviceaccount.com",
            "port": 6379,
            "project": "lustrous-camera-352403",
            "read_endpoint": "",
            "read_endpoint_port": 0,
            "read_replicas_mode": "READ_REPLICAS_DISABLED",
            "redis_configs": null,
            "redis_version": "REDIS_6_X",
            "region": "us-central1",
            "replica_count": 1,
            "reserved_ip_range": "10.183.165.64/29",
            "secondary_ip_range": "",
            "server_ca_certs": [],
            "tier": "STANDARD_HA",
            "timeouts": null,
            "transit_encryption_mode": "DISABLED"
          },
          "sensitive_attributes": [],
          "private": "eyJlMmJmYjczMC1lY2FhLTExZTYtOGY4OC0zNDM2M2JjN2M0YzAiOnsiY3JlYXRlIjoxMjAwMDAwMDAwMDAwLCJkZWxldGUiOjEyMDAwMDAwMDAwMDAsInVwZGF0ZSI6MTIwMDAwMDAwMDAwMH19",
          "dependencies": [
            "data.google_compute_network.git"
          ]
        }
      ]
    }
  ]
}
