{
  "version": 4,
  "terraform_version": "1.2.3",
  "serial": 33,
  "lineage": "2c50cebe-7403-ac3f-b366-460b8d030500",
  "outputs": {},
  "resources": [
    {
      "mode": "data",
      "type": "google_compute_network",
      "name": "lab",
      "provider": "provider[\"registry.terraform.io/hashicorp/google\"]",
      "instances": [
        {
          "schema_version": 0,
          "attributes": {
            "description": "",
            "gateway_ipv4": "",
            "id": "projects/lustrous-camera-352403/global/networks/gitlab",
            "name": "gitlab",
            "project": "lustrous-camera-352403",
            "self_link": "https://www.googleapis.com/compute/v1/projects/lustrous-camera-352403/global/networks/gitlab",
            "subnetworks_self_links": [
              "https://www.googleapis.com/compute/v1/projects/lustrous-camera-352403/regions/us-central1/subnetworks/gitlab"
            ]
          },
          "sensitive_attributes": []
        }
      ]
    },
    {
      "mode": "data",
      "type": "google_compute_subnetwork",
      "name": "subnet",
      "provider": "provider[\"registry.terraform.io/hashicorp/google\"]",
      "instances": [
        {
          "schema_version": 0,
          "attributes": {
            "description": "",
            "gateway_address": "10.0.0.1",
            "id": "projects/lustrous-camera-352403/regions/us-central1/subnetworks/gitlab",
            "ip_cidr_range": "10.0.0.0/16",
            "name": "gitlab",
            "network": "https://www.googleapis.com/compute/v1/projects/lustrous-camera-352403/global/networks/gitlab",
            "private_ip_google_access": false,
            "project": "lustrous-camera-352403",
            "region": "us-central1",
            "secondary_ip_range": [
              {
                "ip_cidr_range": "10.3.0.0/16",
                "range_name": "gitlab-cluster-pod-cidr"
              },
              {
                "ip_cidr_range": "10.2.0.0/16",
                "range_name": "gitlab-cluster-service-cidr"
              }
            ],
            "self_link": "https://www.googleapis.com/compute/v1/projects/lustrous-camera-352403/regions/us-central1/subnetworks/gitlab"
          },
          "sensitive_attributes": []
        }
      ]
    },
    {
      "mode": "data",
      "type": "google_redis_instance",
      "name": "gitlab",
      "provider": "provider[\"registry.terraform.io/hashicorp/google\"]",
      "instances": [
        {
          "schema_version": 0,
          "attributes": {
            "alternative_location_id": "us-central1-c",
            "auth_enabled": false,
            "auth_string": "",
            "authorized_network": "projects/lustrous-camera-352403/global/networks/gitlab",
            "connect_mode": "DIRECT_PEERING",
            "create_time": "2022-06-30T08:11:53.754206818Z",
            "current_location_id": "us-central1-b",
            "display_name": "GitLab Redis",
            "host": "10.183.165.68",
            "id": "projects/lustrous-camera-352403/locations/us-central1/instances/gitlab",
            "labels": {},
            "location_id": "us-central1-b",
            "maintenance_policy": [],
            "maintenance_schedule": [],
            "memory_size_gb": 5,
            "name": "gitlab",
            "nodes": [
              {
                "id": "node-0",
                "zone": "us-central1-b"
              },
              {
                "id": "node-1",
                "zone": "us-central1-c"
              }
            ],
            "persistence_iam_identity": "serviceAccount:service-747989241967@cloud-redis.iam.gserviceaccount.com",
            "port": 6379,
            "project": "lustrous-camera-352403",
            "read_endpoint": "",
            "read_endpoint_port": 0,
            "read_replicas_mode": "READ_REPLICAS_DISABLED",
            "redis_configs": {},
            "redis_version": "REDIS_6_X",
            "region": "us-central1",
            "replica_count": 1,
            "reserved_ip_range": "10.183.165.64/29",
            "secondary_ip_range": "",
            "server_ca_certs": [],
            "tier": "STANDARD_HA",
            "transit_encryption_mode": "DISABLED"
          },
          "sensitive_attributes": []
        }
      ]
    },
    {
      "mode": "data",
      "type": "template_file",
      "name": "helm_values",
      "provider": "provider[\"registry.terraform.io/hashicorp/template\"]",
      "instances": [
        {
          "schema_version": 0,
          "attributes": {
            "filename": null,
            "id": "37804cb4f70c288848b39349de21da81f36370ebf60c3f9a6da42ef086041bd6",
            "rendered": "# Values for gitlab/gitlab chart on GKE\r\nglobal:\r\n  edition: ce\r\n  hosts:\r\n    domain: 35.232.228.255.nip.io\r\n    https: true\r\n    gitlab: {}\r\n    externalIP: 35.232.228.255\r\n    ssh: ~\r\n\r\n  ## doc/charts/globals.md#configure-ingress-settings\r\n  ingress:\r\n    configureCertmanager: true\r\n    enabled: true\r\n    tls:\r\n      enabled: true\r\n\r\n  ## doc/charts/globals.md#configure-postgresql-settings\r\n  psql:\r\n    password:\r\n      secret: gitlab-pg\r\n      key: password\r\n    host: 10.1.0.5\r\n    port: 5432\r\n    username: gitlab\r\n    database: gitlabhq_production\r\n\r\n  redis:\r\n    password:\r\n      enabled: false\r\n    host: 10.183.165.68\r\n\r\n  ## doc/charts/globals.md#configure-minio-settings\r\n  minio:\r\n    enabled: false\r\n\r\n  ## doc/charts/globals.md#configure-appconfig-settings\r\n  ## Rails based portions of this chart share many settings\r\n  appConfig:\r\n    ## doc/charts/globals.md#general-application-settings\r\n    enableUsagePing: false\r\n\r\n    ## doc/charts/globals.md#lfs-artifacts-uploads-packages\r\n    backups:\r\n      bucket: lustrous-camera-352403-gitlab-backups\r\n    lfs:\r\n      bucket: lustrous-camera-352403-git-lfs\r\n      connection:\r\n        secret: gitlab-rails-storage\r\n        key: connection\r\n    artifacts:\r\n      bucket: lustrous-camera-352403-gitlab-artifacts\r\n      connection:\r\n        secret: gitlab-rails-storage\r\n        key: connection\r\n    uploads:\r\n      bucket: lustrous-camera-352403-gitlab-uploads\r\n      connection:\r\n        secret: gitlab-rails-storage\r\n        key: connection\r\n    packages:\r\n      bucket: lustrous-camera-352403-gitlab-packages\r\n      connection:\r\n        secret: gitlab-rails-storage\r\n        key: connection\r\n\r\n    ## doc/charts/globals.md#pseudonymizer-settings\r\n    pseudonymizer:\r\n      bucket: lustrous-camera-352403-gitlab-pseudo\r\n      connection:\r\n        secret: gitlab-rails-storage\r\n        key: connection\r\n\r\ncertmanager-issuer:\r\n  email: tarakeswariterapalli@gmail.com\r\n\r\nprometheus:\r\n  install: false\r\n\r\nredis:\r\n  install: false\r\n\r\ngitlab:\r\n  gitaly:\r\n    persistence:\r\n      size: 200Gi\r\n      storageClass: \"pd-ssd\"\r\n  task-runner:\r\n    backups:\r\n      objectStorage:\r\n        backend: gcs\r\n        config:\r\n          secret: google-application-credentials\r\n          key: gcs-application-credentials-file\r\n          gcpProject: lustrous-camera-352403\r\n\r\npostgresql:\r\n  install: false\r\n\r\ngitlab-runner:\r\n  install: true\r\n  rbac:\r\n    create: true\r\n  runners:\r\n    locked: false\r\n    cache:\r\n      cacheType: gcs\r\n      gcsBucketName: lustrous-camera-352403-runner-cache\r\n      secretName: google-application-credentials\r\n      cacheShared: true\r\n\r\nregistry:\r\n  enabled: true\r\n  storage:\r\n    secret: gitlab-registry-storage\r\n    key: storage\r\n    extraKey: gcs.json",
            "template": "# Values for gitlab/gitlab chart on GKE\r\nglobal:\r\n  edition: ce\r\n  hosts:\r\n    domain: ${DOMAIN}\r\n    https: true\r\n    gitlab: {}\r\n    externalIP: ${INGRESS_IP}\r\n    ssh: ~\r\n\r\n  ## doc/charts/globals.md#configure-ingress-settings\r\n  ingress:\r\n    configureCertmanager: true\r\n    enabled: true\r\n    tls:\r\n      enabled: true\r\n\r\n  ## doc/charts/globals.md#configure-postgresql-settings\r\n  psql:\r\n    password:\r\n      secret: gitlab-pg\r\n      key: password\r\n    host: ${DB_PRIVATE_IP}\r\n    port: 5432\r\n    username: gitlab\r\n    database: gitlabhq_production\r\n\r\n  redis:\r\n    password:\r\n      enabled: false\r\n    host: ${REDIS_PRIVATE_IP}\r\n\r\n  ## doc/charts/globals.md#configure-minio-settings\r\n  minio:\r\n    enabled: false\r\n\r\n  ## doc/charts/globals.md#configure-appconfig-settings\r\n  ## Rails based portions of this chart share many settings\r\n  appConfig:\r\n    ## doc/charts/globals.md#general-application-settings\r\n    enableUsagePing: false\r\n\r\n    ## doc/charts/globals.md#lfs-artifacts-uploads-packages\r\n    backups:\r\n      bucket: ${PROJECT_ID}-gitlab-backups\r\n    lfs:\r\n      bucket: ${PROJECT_ID}-git-lfs\r\n      connection:\r\n        secret: gitlab-rails-storage\r\n        key: connection\r\n    artifacts:\r\n      bucket: ${PROJECT_ID}-gitlab-artifacts\r\n      connection:\r\n        secret: gitlab-rails-storage\r\n        key: connection\r\n    uploads:\r\n      bucket: ${PROJECT_ID}-gitlab-uploads\r\n      connection:\r\n        secret: gitlab-rails-storage\r\n        key: connection\r\n    packages:\r\n      bucket: ${PROJECT_ID}-gitlab-packages\r\n      connection:\r\n        secret: gitlab-rails-storage\r\n        key: connection\r\n\r\n    ## doc/charts/globals.md#pseudonymizer-settings\r\n    pseudonymizer:\r\n      bucket: ${PROJECT_ID}-gitlab-pseudo\r\n      connection:\r\n        secret: gitlab-rails-storage\r\n        key: connection\r\n\r\ncertmanager-issuer:\r\n  email: ${CERT_MANAGER_EMAIL}\r\n\r\nprometheus:\r\n  install: false\r\n\r\nredis:\r\n  install: false\r\n\r\ngitlab:\r\n  gitaly:\r\n    persistence:\r\n      size: 200Gi\r\n      storageClass: \"pd-ssd\"\r\n  task-runner:\r\n    backups:\r\n      objectStorage:\r\n        backend: gcs\r\n        config:\r\n          secret: google-application-credentials\r\n          key: gcs-application-credentials-file\r\n          gcpProject: ${PROJECT_ID}\r\n\r\npostgresql:\r\n  install: false\r\n\r\ngitlab-runner:\r\n  install: ${GITLAB_RUNNER_INSTALL}\r\n  rbac:\r\n    create: true\r\n  runners:\r\n    locked: false\r\n    cache:\r\n      cacheType: gcs\r\n      gcsBucketName: ${PROJECT_ID}-runner-cache\r\n      secretName: google-application-credentials\r\n      cacheShared: true\r\n\r\nregistry:\r\n  enabled: true\r\n  storage:\r\n    secret: gitlab-registry-storage\r\n    key: storage\r\n    extraKey: gcs.json",
            "vars": {
              "CERT_MANAGER_EMAIL": "tarakeswariterapalli@gmail.com",
              "DB_PRIVATE_IP": "10.1.0.5",
              "DOMAIN": "35.232.228.255.nip.io",
              "GITLAB_RUNNER_INSTALL": "true",
              "INGRESS_IP": "35.232.228.255",
              "PROJECT_ID": "lustrous-camera-352403",
              "REDIS_PRIVATE_IP": "10.183.165.68"
            }
          },
          "sensitive_attributes": []
        }
      ]
    },
    {
      "mode": "managed",
      "type": "google_compute_address",
      "name": "gitlab1",
      "provider": "provider[\"registry.terraform.io/hashicorp/google\"]",
      "instances": [
        {
          "index_key": 0,
          "schema_version": 0,
          "attributes": {
            "address": "35.232.228.255",
            "address_type": "EXTERNAL",
            "creation_timestamp": "2022-06-30T01:23:18.575-07:00",
            "description": "Gitlab Ingress IP",
            "id": "projects/lustrous-camera-352403/regions/us-central1/addresses/gitlab",
            "name": "gitlab",
            "network": "",
            "network_tier": "PREMIUM",
            "prefix_length": 0,
            "project": "lustrous-camera-352403",
            "purpose": "",
            "region": "us-central1",
            "self_link": "https://www.googleapis.com/compute/v1/projects/lustrous-camera-352403/regions/us-central1/addresses/gitlab",
            "subnetwork": "",
            "timeouts": null,
            "users": []
          },
          "sensitive_attributes": [],
          "private": "eyJlMmJmYjczMC1lY2FhLTExZTYtOGY4OC0zNDM2M2JjN2M0YzAiOnsiY3JlYXRlIjoxMjAwMDAwMDAwMDAwLCJkZWxldGUiOjEyMDAwMDAwMDAwMDB9fQ=="
        }
      ]
    },
    {
      "mode": "managed",
      "type": "google_compute_global_address",
      "name": "gitlab_sql",
      "provider": "provider[\"registry.terraform.io/hashicorp/google-beta\"]",
      "instances": [
        {
          "schema_version": 0,
          "attributes": {
            "address": "10.1.0.0",
            "address_type": "INTERNAL",
            "creation_timestamp": "2022-06-30T01:23:17.796-07:00",
            "description": "",
            "id": "projects/lustrous-camera-352403/global/addresses/gitlab-sql",
            "ip_version": "",
            "label_fingerprint": "42WmSpB8rSM=",
            "labels": {},
            "name": "gitlab-sql",
            "network": "https://www.googleapis.com/compute/v1/projects/lustrous-camera-352403/global/networks/gitlab",
            "prefix_length": 16,
            "project": "lustrous-camera-352403",
            "purpose": "VPC_PEERING",
            "self_link": "https://www.googleapis.com/compute/v1/projects/lustrous-camera-352403/global/addresses/gitlab-sql",
            "timeouts": null
          },
          "sensitive_attributes": [],
          "private": "eyJlMmJmYjczMC1lY2FhLTExZTYtOGY4OC0zNDM2M2JjN2M0YzAiOnsiY3JlYXRlIjoxMjAwMDAwMDAwMDAwLCJkZWxldGUiOjEyMDAwMDAwMDAwMDAsInVwZGF0ZSI6MTIwMDAwMDAwMDAwMH19",
          "dependencies": [
            "data.google_compute_network.lab"
          ]
        }
      ]
    },
    {
      "mode": "managed",
      "type": "google_project_iam_member",
      "name": "project",
      "provider": "provider[\"registry.terraform.io/hashicorp/google\"]",
      "instances": [
        {
          "schema_version": 0,
          "attributes": {
            "condition": [],
            "etag": "BwXipf2C6+4=",
            "id": "lustrous-camera-352403/roles/storage.admin/serviceAccount:gitlab-gcs@lustrous-camera-352403.iam.gserviceaccount.com",
            "member": "serviceAccount:gitlab-gcs@lustrous-camera-352403.iam.gserviceaccount.com",
            "project": "lustrous-camera-352403",
            "role": "roles/storage.admin"
          },
          "sensitive_attributes": [],
          "private": "bnVsbA==",
          "dependencies": [
            "google_service_account.gitlab_gcs"
          ]
        }
      ]
    },
    {
      "mode": "managed",
      "type": "google_service_account",
      "name": "gitlab_gcs",
      "provider": "provider[\"registry.terraform.io/hashicorp/google\"]",
      "instances": [
        {
          "schema_version": 0,
          "attributes": {
            "account_id": "gitlab-gcs",
            "description": "",
            "disabled": false,
            "display_name": "GitLab Cloud Storage",
            "email": "gitlab-gcs@lustrous-camera-352403.iam.gserviceaccount.com",
            "id": "projects/lustrous-camera-352403/serviceAccounts/gitlab-gcs@lustrous-camera-352403.iam.gserviceaccount.com",
            "name": "projects/lustrous-camera-352403/serviceAccounts/gitlab-gcs@lustrous-camera-352403.iam.gserviceaccount.com",
            "project": "lustrous-camera-352403",
            "timeouts": null,
            "unique_id": "105814555053067911053"
          },
          "sensitive_attributes": [],
          "private": "eyJlMmJmYjczMC1lY2FhLTExZTYtOGY4OC0zNDM2M2JjN2M0YzAiOnsiY3JlYXRlIjozMDAwMDAwMDAwMDB9fQ=="
        }
      ]
    },
    {
      "mode": "managed",
      "type": "google_service_account_key",
      "name": "gitlab_gcs",
      "provider": "provider[\"registry.terraform.io/hashicorp/google\"]",
      "instances": [
        {
          "schema_version": 0,
          "attributes": {
            "id": "projects/lustrous-camera-352403/serviceAccounts/gitlab-gcs@lustrous-camera-352403.iam.gserviceaccount.com/keys/b72317dfdd49e942e759a603a62353b4537bcd3a",
            "keepers": null,
            "key_algorithm": "KEY_ALG_RSA_2048",
            "name": "projects/lustrous-camera-352403/serviceAccounts/gitlab-gcs@lustrous-camera-352403.iam.gserviceaccount.com/keys/b72317dfdd49e942e759a603a62353b4537bcd3a",
            "private_key": "ewogICJ0eXBlIjogInNlcnZpY2VfYWNjb3VudCIsCiAgInByb2plY3RfaWQiOiAibHVzdHJvdXMtY2FtZXJhLTM1MjQwMyIsCiAgInByaXZhdGVfa2V5X2lkIjogImI3MjMxN2RmZGQ0OWU5NDJlNzU5YTYwM2E2MjM1M2I0NTM3YmNkM2EiLAogICJwcml2YXRlX2tleSI6ICItLS0tLUJFR0lOIFBSSVZBVEUgS0VZLS0tLS1cbk1JSUV2Z0lCQURBTkJna3Foa2lHOXcwQkFRRUZBQVNDQktnd2dnU2tBZ0VBQW9JQkFRQ3JXbGZKRWpYZ0NOd3NcbndEcGhWcFZRNTlDSkNYM3lUMGhyRVgwNUNsdlVZOGRKeHFyYWsxc3htUE5EVU5tSWp5dkdkZEdQeDArRnZoYitcbmpXMzhaMzIvSUJrVG9aa1dqa1RPS2xUTGRDK3FwV2VRbDgyRVU0eW5pUWRza21LQ3cyQzk0RnN6T2dtajIyYk9cbjBua3VzZzYrUG5LNjR4SWdCTmRyVDFPRGhEMGszU1h6ZmFTcHYxNk1sU2xQY1dtM0g3WklzMW9jbHRWM3duRHFcbk1hVlQ0UC9iU3hIWW4rNDNmWUowV2poNFZMSXhpMUxyZzZCMGRBeklwOGp1ZGZ5VjdSb3JGWms1UTBZcUtVSUFcbjRQVGJqdHhUdmFNbHNYQ2VvRjlLNG15ZzhaeFF0L1g4YThtK2N1M0JFYmtGMGFCcnBsWmh4cWg3MHA0ZnphUzZcbmgrTlZQcXRIQWdNQkFBRUNnZ0VBRzBEVnVJSEFkdDhCNGM0N0d0TXlFWG1sUmI1d1BUTlY4YzJJektNMG9zMnhcbjJ5NlJhdzFIMGxZZ3pzS1RyckFTeHRCalljcFNBQlFSUlRCS1gzdzRXRWNySmQrc1lSV0VwUU8vazlKcGFHdEJcblV4S0oyZk9ONmZHVjhETkNIc2tqWUYvSU1aZ1lBMnM0YVVtNWcyOUhnQU9mck5ERHg3cnRaa0JxS0g5R1dFL2ZcbmZWM1hOTEJVaFgzNWROanVaSGI1Z3hyODFZWE1mNE5GdzZYb2dZTWFZRjhJa213M0l6aW9EZEJoVFpnbnNjNC9cbkg4eFJJUm9MOStESmtsYTVlTE9XUExLaXZvbytkWGtYMXA1Y2N6RHIyOUpjc0tIbGNhek5qMGwyT0JRcGtJaDJcbmR3U3pMbU9ZRlZTUU1wZjZzV1dKNUNhdUMzRUxPRHFzbHIxTXdIZUVQUUtCZ1FEVy9FeXcwa3BzVW0xckJBV0VcbjZaWCtDNHlMQmhLb1liYUo2SFdGdC90QTdGb3BzNE94dytERjQzcDlBOE9WNi81REV6NDNlUCtoc1Vlc2xPT3NcbjBhNlhrSmRVUFJZbWJFenBLNTk3WkxNZmtHVWxLZ0w5WlF2OW5UcHprQzA1bWIvbktRbHhKSUpHR3hPekdRY3JcbldJUi8ycm91c2ZiTVJqV01XdS9LMGx5dWl3S0JnUURNQ3hCNFkvLzVmUzNsbUVXcEVFSVhZY1U0d2JJS2pCbG5cblRCdzQrQkZxZ21hY2lkWHJjVDlOMDN0ajA0ZFhQYTVYbnJkck8wSE1kZmxONVhnNzBFQ2wvTCtKN3NFcnlHNjNcblh3SGMyRGVIV2dQaURYTEswT1k0dkJ2dXFkUEgrR2g3R1RReGMxL1FTTnVLVmZPeTJJMFlvMW90cktlZ1FjRlZcbjhub3VtS2twdFFLQmdDdEtnUEwyVmJBOFpQWXd5Qis4bmN5YmJNQ3VCMkhLMDJRdjRFSitDdVZHOHQwRTNoY1VcbjE1Vmh1aytrUzJWTU1WWTJjTWZnNExFaHJzb3M3Uy9teFY2VjZqTTNYZGQ4NVh2cW9lSEtKRnZOeXVCUjltb3FcblIrRFpJV1VWK2xWb0JZRzUvTUhBMVU3aXN2UFVyV0hvSUQ1U3dEMFk3eGF4YUtVTHhzK3p6cUFEQW9HQkFKc3NcbjJ2VEVFRnI4QVZpM3lscDkyOVdPYkgveWh1V1FrSTFIaTdzanBaTWI0cyt2MzdsejRkSGRRTnkxZFJzNjlJajhcblVyL0JUQlFqc0ZxMlpnOFBIT3RmWVllVHhPTDRSb004Uk4xZ3JqSkltZVZqbHVaNW9teUpXckRTQlJieWF2c2Jcbk90OVV3QXhXTEdoelg2ZW5HdjhlMUNraVFrVVZYT1J4U015Qkd6MTFBb0dCQU5JeTlzY1BSRWRJczdyMGEyMExcbnB5dzRJYnhVTUczTm80RXdxbk1OOHJzWGtKbXZxeXhEeUVZUVNDK2JUQTRGQ1BsL3JKa3RhQWdjQ3NFSDdTM3lcbmpSeUF2clpVT0RwMXVOaysrdlBpNVdSN0NCSjVWNHlwVGRrYWJBWXpXaFhsM1RJaE8yYTIxdFRocHVaa2RRVnpcbm9TRzBDMlpJcDhKVEg0UjRWYk4xYmVOa1xuLS0tLS1FTkQgUFJJVkFURSBLRVktLS0tLVxuIiwKICAiY2xpZW50X2VtYWlsIjogImdpdGxhYi1nY3NAbHVzdHJvdXMtY2FtZXJhLTM1MjQwMy5pYW0uZ3NlcnZpY2VhY2NvdW50LmNvbSIsCiAgImNsaWVudF9pZCI6ICIxMDU4MTQ1NTUwNTMwNjc5MTEwNTMiLAogICJhdXRoX3VyaSI6ICJodHRwczovL2FjY291bnRzLmdvb2dsZS5jb20vby9vYXV0aDIvYXV0aCIsCiAgInRva2VuX3VyaSI6ICJodHRwczovL29hdXRoMi5nb29nbGVhcGlzLmNvbS90b2tlbiIsCiAgImF1dGhfcHJvdmlkZXJfeDUwOV9jZXJ0X3VybCI6ICJodHRwczovL3d3dy5nb29nbGVhcGlzLmNvbS9vYXV0aDIvdjEvY2VydHMiLAogICJjbGllbnRfeDUwOV9jZXJ0X3VybCI6ICJodHRwczovL3d3dy5nb29nbGVhcGlzLmNvbS9yb2JvdC92MS9tZXRhZGF0YS94NTA5L2dpdGxhYi1nY3MlNDBsdXN0cm91cy1jYW1lcmEtMzUyNDAzLmlhbS5nc2VydmljZWFjY291bnQuY29tIgp9Cg==",
            "private_key_type": "TYPE_GOOGLE_CREDENTIALS_FILE",
            "public_key": "LS0tLS1CRUdJTiBDRVJUSUZJQ0FURS0tLS0tCk1JSUMvRENDQWVTZ0F3SUJBZ0lJRDRCdjh6QnZRL3N3RFFZSktvWklodmNOQVFFRkJRQXdJREVlTUJ3R0ExVUUKQXhNVk1UQTFPREUwTlRVMU1EVXpNRFkzT1RFeE1EVXpNQ0FYRFRJeU1EWXpNREE0TWpNeE9Wb1lEems1T1RreApNak14TWpNMU9UVTVXakFnTVI0d0hBWURWUVFERXhVeE1EVTRNVFExTlRVd05UTXdOamM1TVRFd05UTXdnZ0VpCk1BMEdDU3FHU0liM0RRRUJBUVVBQTRJQkR3QXdnZ0VLQW9JQkFRQ3JXbGZKRWpYZ0NOd3N3RHBoVnBWUTU5Q0oKQ1gzeVQwaHJFWDA1Q2x2VVk4ZEp4cXJhazFzeG1QTkRVTm1Janl2R2RkR1B4MCtGdmhiK2pXMzhaMzIvSUJrVApvWmtXamtUT0tsVExkQytxcFdlUWw4MkVVNHluaVFkc2ttS0N3MkM5NEZzek9nbWoyMmJPMG5rdXNnNitQbks2CjR4SWdCTmRyVDFPRGhEMGszU1h6ZmFTcHYxNk1sU2xQY1dtM0g3WklzMW9jbHRWM3duRHFNYVZUNFAvYlN4SFkKbis0M2ZZSjBXamg0VkxJeGkxTHJnNkIwZEF6SXA4anVkZnlWN1JvckZaazVRMFlxS1VJQTRQVGJqdHhUdmFNbApzWENlb0Y5SzRteWc4WnhRdC9YOGE4bStjdTNCRWJrRjBhQnJwbFpoeHFoNzBwNGZ6YVM2aCtOVlBxdEhBZ01CCkFBR2pPREEyTUF3R0ExVWRFd0VCL3dRQ01BQXdEZ1lEVlIwUEFRSC9CQVFEQWdlQU1CWUdBMVVkSlFFQi93UU0KTUFvR0NDc0dBUVVGQndNQ01BMEdDU3FHU0liM0RRRUJCUVVBQTRJQkFRQlJnOUJpM1lQeTRiSjFvcHkzVE9hOQo1c0VRdytHNk85dDJYKzlSS1VKWWN0V2x6OHhzNFBqbk9mSEFUNlJCTkJLRVlsRGIwa1BLT1doOTN0aVRKOWkwClM1OUpwVW5tdGlHSWV2dFQ2K2QrdGhUUnNLNEJEeTRoMjZxZXFqQ3paZ2lhVnlzMklGaHZkVVN0TVV5ekExTFQKeHVJNlhiTFlwajcrT0lrVXR6RklZSWRmMEU3QnBYek01Tm1nRHhFOXVBZ09CdFYzQW0yTElmZHRrSWFjSys0ZwpFMTZrRVZ4cklUbnJIbld5b3FlL3N1OXptelcxRkp6V2tma1JadkxySXBEQmRJTHRydWFhZWE4SEViQVBPOFhuClZHc1RpVUphelVXVzlhY0NRajBSWU1kVUQwcE9EUndLb3R3M3M2Uk90dTNCblNyTjljVUgxd29SUE5KUU5xV0MKLS0tLS1FTkQgQ0VSVElGSUNBVEUtLS0tLQo=",
            "public_key_data": null,
            "public_key_type": "TYPE_X509_PEM_FILE",
            "service_account_id": "projects/lustrous-camera-352403/serviceAccounts/gitlab-gcs@lustrous-camera-352403.iam.gserviceaccount.com",
            "valid_after": "2022-06-30T08:23:19Z",
            "valid_before": "9999-12-31T23:59:59Z"
          },
          "sensitive_attributes": [],
          "private": "bnVsbA==",
          "dependencies": [
            "google_service_account.gitlab_gcs"
          ]
        }
      ]
    },
    {
      "mode": "managed",
      "type": "google_service_networking_connection",
      "name": "private_vpc_connection",
      "provider": "provider[\"registry.terraform.io/hashicorp/google-beta\"]",
      "instances": [
        {
          "schema_version": 0,
          "attributes": {
            "id": "https%3A%2F%2Fwww.googleapis.com%2Fcompute%2Fv1%2Fprojects%2Flustrous-camera-352403%2Fglobal%2Fnetworks%2Fgitlab:servicenetworking.googleapis.com",
            "network": "https://www.googleapis.com/compute/v1/projects/lustrous-camera-352403/global/networks/gitlab",
            "peering": "servicenetworking-googleapis-com",
            "reserved_peering_ranges": [
              "gitlab-sql"
            ],
            "service": "servicenetworking.googleapis.com",
            "timeouts": null
          },
          "sensitive_attributes": [],
          "private": "eyJlMmJmYjczMC1lY2FhLTExZTYtOGY4OC0zNDM2M2JjN2M0YzAiOnsiY3JlYXRlIjo2MDAwMDAwMDAwMDAsImRlbGV0ZSI6NjAwMDAwMDAwMDAwLCJ1cGRhdGUiOjYwMDAwMDAwMDAwMH19",
          "dependencies": [
            "data.google_compute_network.lab",
            "google_compute_global_address.gitlab_sql"
          ]
        }
      ]
    },
    {
      "mode": "managed",
      "type": "google_sql_database",
      "name": "gitlabhq_production",
      "provider": "provider[\"registry.terraform.io/hashicorp/google\"]",
      "instances": [
        {
          "schema_version": 0,
          "attributes": {
            "charset": "UTF8",
            "collation": "en_US.UTF8",
            "id": "projects/lustrous-camera-352403/instances/gitlab-dbs/databases/gitlabhq_production",
            "instance": "gitlab-dbs",
            "name": "gitlabhq_production",
            "project": "lustrous-camera-352403",
            "self_link": "https://sqladmin.googleapis.com/sql/v1beta4/projects/lustrous-camera-352403/instances/gitlab-dbs/databases/gitlabhq_production",
            "timeouts": null
          },
          "sensitive_attributes": [],
          "private": "eyJlMmJmYjczMC1lY2FhLTExZTYtOGY4OC0zNDM2M2JjN2M0YzAiOnsiY3JlYXRlIjoxMjAwMDAwMDAwMDAwLCJkZWxldGUiOjEyMDAwMDAwMDAwMDAsInVwZGF0ZSI6MTIwMDAwMDAwMDAwMH19",
          "dependencies": [
            "data.google_compute_network.lab",
            "google_service_networking_connection.private_vpc_connection",
            "google_sql_database_instance.gitlab_db",
            "google_sql_user.gitlab",
            "random_id.suffix",
            "random_string.autogenerated_gitlab_db_password"
          ]
        }
      ]
    },
    {
      "mode": "managed",
      "type": "google_sql_database_instance",
      "name": "gitlab_db",
      "provider": "provider[\"registry.terraform.io/hashicorp/google\"]",
      "instances": [
        {
          "schema_version": 0,
          "attributes": {
            "clone": [],
            "connection_name": "lustrous-camera-352403:us-central1:gitlab-dbs",
            "database_version": "POSTGRES_11",
            "deletion_protection": false,
            "first_ip_address": "10.1.0.5",
            "id": "gitlab-dbs",
            "ip_address": [
              {
                "ip_address": "10.1.0.5",
                "time_to_retire": "",
                "type": "PRIVATE"
              }
            ],
            "master_instance_name": "",
            "name": "gitlab-dbs",
            "private_ip_address": "10.1.0.5",
            "project": "lustrous-camera-352403",
            "public_ip_address": "",
            "region": "us-central1",
            "replica_configuration": [],
            "restore_backup_context": [],
            "root_password": null,
            "self_link": "https://sqladmin.googleapis.com/sql/v1beta4/projects/lustrous-camera-352403/instances/gitlab-dbs",
            "server_ca_cert": [
              {
                "cert": "-----BEGIN CERTIFICATE-----\nMIIDfzCCAmegAwIBAgIBADANBgkqhkiG9w0BAQsFADB3MS0wKwYDVQQuEyQyODBl\nNWM3ZC0zN2NiLTQ0NjItYTg3NS03YjFkNzI2N2RjODIxIzAhBgNVBAMTGkdvb2ds\nZSBDbG91ZCBTUUwgU2VydmVyIENBMRQwEgYDVQQKEwtHb29nbGUsIEluYzELMAkG\nA1UEBhMCVVMwHhcNMjIwNjMwMDgzODUwWhcNMzIwNjI3MDgzOTUwWjB3MS0wKwYD\nVQQuEyQyODBlNWM3ZC0zN2NiLTQ0NjItYTg3NS03YjFkNzI2N2RjODIxIzAhBgNV\nBAMTGkdvb2dsZSBDbG91ZCBTUUwgU2VydmVyIENBMRQwEgYDVQQKEwtHb29nbGUs\nIEluYzELMAkGA1UEBhMCVVMwggEiMA0GCSqGSIb3DQEBAQUAA4IBDwAwggEKAoIB\nAQCUeEz51wEdwfyQ5braGwbZB4IvmVfBDJCzUJRSMO5seV4n7PjyW4gmUNFWn6Lz\n6rN728xe2BJyR/d6ZKEobyCZ3OWdEkkn9heoPH2QFYRXL1+UMkKLfEo/iQ8VMtv/\nfHWDrsk3EyBYA1wtYWnKr2ElNKZQTGJfNjplNWW7IL2FDjlEFa0EaAKQmUa620j8\n1A+u++9chlxzKbu3nfNfO/ZQbU8iKxmC9153T9IJVl1dRI81XFeKS3ZJ3yJUgrRD\ncE9CoJ1J2PfdV7Y4fUJJwknX9ilwSNKY+S0HJQKU5Hfpc+Pv3os16/5HTvUG+MhH\n4Rf7ouPa5bJqjOM4wxvohBzDAgMBAAGjFjAUMBIGA1UdEwEB/wQIMAYBAf8CAQAw\nDQYJKoZIhvcNAQELBQADggEBAHA/4JJ/VZtvvEnvO3SwjtrR7YjCwnPG4lwS0oHb\nQIpyNtCUOVMsGpbM07LPk6T32IsvcWnSmubVWtZc8ZFsfgv3gCjl3f3eklO1N+/g\n1/RCL2k40jVyTvGGkoV7kMzu4kiUojlAOdNxRLCwHVRw2MD7aAbQmCIfiIxlWrXm\naH49oVRu7Fx9aZ9exBHWnlPWfaufvVjJYiYFoA/OKJ9RcV3p6kbfZ8AhzVTNZYGM\nlNByWjNccRvjX9Nzj+7oeyiDaEfLZ0k/euIGwXrgTzO+00fHNCxRp4BVxNwmKTHe\nTR5R/yzLZPUWHG8MRUJ1LbeIQ7kjJM4m0psRNFGd10Hgu/s=\n-----END CERTIFICATE-----",
                "common_name": "C=US,O=Google\\, Inc,CN=Google Cloud SQL Server CA,dnQualifier=280e5c7d-37cb-4462-a875-7b1d7267dc82",
                "create_time": "2022-06-30T08:38:50.890Z",
                "expiration_time": "2032-06-27T08:39:50.890Z",
                "sha1_fingerprint": "cfd6daf1ca7c3f051ef0a2d0bf93dc5ee817289b"
              }
            ],
            "service_account_email_address": "p747989241967-lcv2jr@gcp-sa-cloud-sql.iam.gserviceaccount.com",
            "settings": [
              {
                "activation_policy": "ALWAYS",
                "active_directory_config": [],
                "availability_type": "ZONAL",
                "backup_configuration": [
                  {
                    "backup_retention_settings": [
                      {
                        "retained_backups": 7,
                        "retention_unit": "COUNT"
                      }
                    ],
                    "binary_log_enabled": false,
                    "enabled": false,
                    "location": "",
                    "point_in_time_recovery_enabled": false,
                    "start_time": "21:00",
                    "transaction_log_retention_days": 7
                  }
                ],
                "collation": "",
                "database_flags": [],
                "disk_autoresize": true,
                "disk_autoresize_limit": 0,
                "disk_size": 10,
                "disk_type": "PD_SSD",
                "insights_config": [],
                "ip_configuration": [
                  {
                    "allocated_ip_range": "",
                    "authorized_networks": [],
                    "ipv4_enabled": false,
                    "private_network": "projects/lustrous-camera-352403/global/networks/gitlab",
                    "require_ssl": false
                  }
                ],
                "location_preference": [
                  {
                    "follow_gae_application": "",
                    "zone": "us-central1-b"
                  }
                ],
                "maintenance_window": [],
                "pricing_plan": "PER_USE",
                "tier": "db-custom-4-15360",
                "user_labels": {},
                "version": 1
              }
            ],
            "timeouts": null
          },
          "sensitive_attributes": [],
          "private": "eyJlMmJmYjczMC1lY2FhLTExZTYtOGY4OC0zNDM2M2JjN2M0YzAiOnsiY3JlYXRlIjoxODAwMDAwMDAwMDAwLCJkZWxldGUiOjE4MDAwMDAwMDAwMDAsInVwZGF0ZSI6MTgwMDAwMDAwMDAwMH19",
          "dependencies": [
            "data.google_compute_network.lab",
            "google_service_networking_connection.private_vpc_connection",
            "random_id.suffix"
          ]
        }
      ]
    },
    {
      "mode": "managed",
      "type": "google_sql_user",
      "name": "gitlab",
      "provider": "provider[\"registry.terraform.io/hashicorp/google\"]",
      "instances": [
        {
          "schema_version": 1,
          "attributes": {
            "deletion_policy": null,
            "host": "",
            "id": "gitlab//gitlab-dbs",
            "instance": "gitlab-dbs",
            "name": "gitlab",
            "password": "kYRu84aBdkmDmXjK",
            "project": "lustrous-camera-352403",
            "sql_server_user_details": [],
            "timeouts": null,
            "type": ""
          },
          "sensitive_attributes": [],
          "private": "eyJlMmJmYjczMC1lY2FhLTExZTYtOGY4OC0zNDM2M2JjN2M0YzAiOnsiY3JlYXRlIjo2MDAwMDAwMDAwMDAsImRlbGV0ZSI6NjAwMDAwMDAwMDAwLCJ1cGRhdGUiOjYwMDAwMDAwMDAwMH0sInNjaGVtYV92ZXJzaW9uIjoiMSJ9",
          "dependencies": [
            "data.google_compute_network.lab",
            "google_service_networking_connection.private_vpc_connection",
            "google_sql_database_instance.gitlab_db",
            "random_id.suffix",
            "random_string.autogenerated_gitlab_db_password"
          ]
        }
      ]
    },
    {
      "mode": "managed",
      "type": "helm_release",
      "name": "gitlab",
      "provider": "provider[\"registry.terraform.io/hashicorp/helm\"]",
      "instances": [
        {
          "schema_version": 0,
          "attributes": {
            "atomic": false,
            "chart": "gitlab",
            "cleanup_on_fail": false,
            "create_namespace": false,
            "dependency_update": false,
            "description": null,
            "devel": null,
            "disable_crd_hooks": false,
            "disable_openapi_validation": false,
            "disable_webhooks": false,
            "force_update": false,
            "id": "gitlab",
            "keyring": null,
            "lint": false,
            "manifest": null,
            "max_history": 0,
            "metadata": [
              {
                "app_version": "13.2.4",
                "chart": "gitlab",
                "name": "gitlab",
                "namespace": "default",
                "revision": 1,
                "values": "{\"certmanager-issuer\":{\"email\":\"tarakeswariterapalli@gmail.com\"},\"gitlab\":{\"gitaly\":{\"persistence\":{\"size\":\"200Gi\",\"storageClass\":\"pd-ssd\"}},\"task-runner\":{\"backups\":{\"objectStorage\":{\"backend\":\"gcs\",\"config\":{\"gcpProject\":\"lustrous-camera-352403\",\"key\":\"gcs-application-credentials-file\",\"secret\":\"google-application-credentials\"}}}}},\"gitlab-runner\":{\"install\":true,\"rbac\":{\"create\":true},\"runners\":{\"cache\":{\"cacheShared\":true,\"cacheType\":\"gcs\",\"gcsBucketName\":\"lustrous-camera-352403-runner-cache\",\"secretName\":\"google-application-credentials\"},\"locked\":false}},\"global\":{\"appConfig\":{\"artifacts\":{\"bucket\":\"lustrous-camera-352403-gitlab-artifacts\",\"connection\":{\"key\":\"connection\",\"secret\":\"gitlab-rails-storage\"}},\"backups\":{\"bucket\":\"lustrous-camera-352403-gitlab-backups\"},\"enableUsagePing\":false,\"lfs\":{\"bucket\":\"lustrous-camera-352403-git-lfs\",\"connection\":{\"key\":\"connection\",\"secret\":\"gitlab-rails-storage\"}},\"packages\":{\"bucket\":\"lustrous-camera-352403-gitlab-packages\",\"connection\":{\"key\":\"connection\",\"secret\":\"gitlab-rails-storage\"}},\"pseudonymizer\":{\"bucket\":\"lustrous-camera-352403-gitlab-pseudo\",\"connection\":{\"key\":\"connection\",\"secret\":\"gitlab-rails-storage\"}},\"uploads\":{\"bucket\":\"lustrous-camera-352403-gitlab-uploads\",\"connection\":{\"key\":\"connection\",\"secret\":\"gitlab-rails-storage\"}}},\"edition\":\"ce\",\"hosts\":{\"domain\":\"35.232.228.255.nip.io\",\"externalIP\":\"35.232.228.255\",\"gitlab\":{},\"https\":true,\"ssh\":null},\"ingress\":{\"configureCertmanager\":true,\"enabled\":true,\"tls\":{\"enabled\":true}},\"minio\":{\"enabled\":false},\"psql\":{\"database\":\"gitlabhq_production\",\"host\":\"10.1.0.5\",\"password\":{\"key\":\"password\",\"secret\":\"gitlab-pg\"},\"port\":5432,\"username\":\"gitlab\"},\"redis\":{\"host\":\"10.183.165.68\",\"password\":{\"enabled\":false}}},\"postgresql\":{\"install\":false},\"prometheus\":{\"install\":false},\"redis\":{\"install\":false},\"registry\":{\"enabled\":true,\"storage\":{\"extraKey\":\"gcs.json\",\"key\":\"storage\",\"secret\":\"gitlab-registry-storage\"}}}",
                "version": "4.2.4"
              }
            ],
            "name": "gitlab",
            "namespace": "default",
            "pass_credentials": false,
            "postrender": [],
            "recreate_pods": false,
            "render_subchart_notes": true,
            "replace": false,
            "repository": "https://charts.gitlab.io",
            "repository_ca_file": null,
            "repository_cert_file": null,
            "repository_key_file": null,
            "repository_password": null,
            "repository_username": null,
            "reset_values": false,
            "reuse_values": false,
            "set": [],
            "set_sensitive": [],
            "skip_crds": false,
            "status": "deployed",
            "timeout": 1200,
            "values": [
              "# Values for gitlab/gitlab chart on GKE\r\nglobal:\r\n  edition: ce\r\n  hosts:\r\n    domain: 35.232.228.255.nip.io\r\n    https: true\r\n    gitlab: {}\r\n    externalIP: 35.232.228.255\r\n    ssh: ~\r\n\r\n  ## doc/charts/globals.md#configure-ingress-settings\r\n  ingress:\r\n    configureCertmanager: true\r\n    enabled: true\r\n    tls:\r\n      enabled: true\r\n\r\n  ## doc/charts/globals.md#configure-postgresql-settings\r\n  psql:\r\n    password:\r\n      secret: gitlab-pg\r\n      key: password\r\n    host: 10.1.0.5\r\n    port: 5432\r\n    username: gitlab\r\n    database: gitlabhq_production\r\n\r\n  redis:\r\n    password:\r\n      enabled: false\r\n    host: 10.183.165.68\r\n\r\n  ## doc/charts/globals.md#configure-minio-settings\r\n  minio:\r\n    enabled: false\r\n\r\n  ## doc/charts/globals.md#configure-appconfig-settings\r\n  ## Rails based portions of this chart share many settings\r\n  appConfig:\r\n    ## doc/charts/globals.md#general-application-settings\r\n    enableUsagePing: false\r\n\r\n    ## doc/charts/globals.md#lfs-artifacts-uploads-packages\r\n    backups:\r\n      bucket: lustrous-camera-352403-gitlab-backups\r\n    lfs:\r\n      bucket: lustrous-camera-352403-git-lfs\r\n      connection:\r\n        secret: gitlab-rails-storage\r\n        key: connection\r\n    artifacts:\r\n      bucket: lustrous-camera-352403-gitlab-artifacts\r\n      connection:\r\n        secret: gitlab-rails-storage\r\n        key: connection\r\n    uploads:\r\n      bucket: lustrous-camera-352403-gitlab-uploads\r\n      connection:\r\n        secret: gitlab-rails-storage\r\n        key: connection\r\n    packages:\r\n      bucket: lustrous-camera-352403-gitlab-packages\r\n      connection:\r\n        secret: gitlab-rails-storage\r\n        key: connection\r\n\r\n    ## doc/charts/globals.md#pseudonymizer-settings\r\n    pseudonymizer:\r\n      bucket: lustrous-camera-352403-gitlab-pseudo\r\n      connection:\r\n        secret: gitlab-rails-storage\r\n        key: connection\r\n\r\ncertmanager-issuer:\r\n  email: tarakeswariterapalli@gmail.com\r\n\r\nprometheus:\r\n  install: false\r\n\r\nredis:\r\n  install: false\r\n\r\ngitlab:\r\n  gitaly:\r\n    persistence:\r\n      size: 200Gi\r\n      storageClass: \"pd-ssd\"\r\n  task-runner:\r\n    backups:\r\n      objectStorage:\r\n        backend: gcs\r\n        config:\r\n          secret: google-application-credentials\r\n          key: gcs-application-credentials-file\r\n          gcpProject: lustrous-camera-352403\r\n\r\npostgresql:\r\n  install: false\r\n\r\ngitlab-runner:\r\n  install: true\r\n  rbac:\r\n    create: true\r\n  runners:\r\n    locked: false\r\n    cache:\r\n      cacheType: gcs\r\n      gcsBucketName: lustrous-camera-352403-runner-cache\r\n      secretName: google-application-credentials\r\n      cacheShared: true\r\n\r\nregistry:\r\n  enabled: true\r\n  storage:\r\n    secret: gitlab-registry-storage\r\n    key: storage\r\n    extraKey: gcs.json"
            ],
            "verify": false,
            "version": "4.2.4",
            "wait": true,
            "wait_for_jobs": false
          },
          "sensitive_attributes": [],
          "private": "bnVsbA==",
          "dependencies": [
            "data.google_compute_address.gitlab",
            "data.google_compute_network.lab",
            "data.google_redis_instance.gitlab",
            "data.template_file.helm_values",
            "google_compute_address.gitlab1",
            "google_service_account.gitlab_gcs",
            "google_service_account_key.gitlab_gcs",
            "google_service_networking_connection.private_vpc_connection",
            "google_sql_database.gitlabhq_production",
            "google_sql_database_instance.gitlab_db",
            "google_sql_user.gitlab",
            "kubernetes_secret.gitlab_gcs_credentials",
            "kubernetes_secret.gitlab_pg",
            "kubernetes_secret.gitlab_rails_storage",
            "kubernetes_secret.gitlab_registry_storage",
            "kubernetes_storage_class.pd-ssd",
            "module.gke.google_container_cluster.primary",
            "module.gke.google_container_node_pool.pools",
            "module.gke_auth.data.google_client_config.provider",
            "module.gke_auth.data.google_container_cluster.gke_cluster",
            "random_id.suffix",
            "random_string.autogenerated_gitlab_db_password",
            "time_sleep.sleep_for_cluster_fix_helm_6361"
          ]
        }
      ]
    },
    {
      "mode": "managed",
      "type": "kubernetes_secret",
      "name": "gitlab_gcs_credentials",
      "provider": "provider[\"registry.terraform.io/hashicorp/kubernetes\"]",
      "instances": [
        {
          "schema_version": 0,
          "attributes": {
            "binary_data": null,
            "data": {
              "gcs-application-credentials-file": "{\n  \"type\": \"service_account\",\n  \"project_id\": \"lustrous-camera-352403\",\n  \"private_key_id\": \"b72317dfdd49e942e759a603a62353b4537bcd3a\",\n  \"private_key\": \"-----BEGIN PRIVATE KEY-----\\nMIIEvgIBADANBgkqhkiG9w0BAQEFAASCBKgwggSkAgEAAoIBAQCrWlfJEjXgCNws\\nwDphVpVQ59CJCX3yT0hrEX05ClvUY8dJxqrak1sxmPNDUNmIjyvGddGPx0+Fvhb+\\njW38Z32/IBkToZkWjkTOKlTLdC+qpWeQl82EU4yniQdskmKCw2C94FszOgmj22bO\\n0nkusg6+PnK64xIgBNdrT1ODhD0k3SXzfaSpv16MlSlPcWm3H7ZIs1ocltV3wnDq\\nMaVT4P/bSxHYn+43fYJ0Wjh4VLIxi1Lrg6B0dAzIp8judfyV7RorFZk5Q0YqKUIA\\n4PTbjtxTvaMlsXCeoF9K4myg8ZxQt/X8a8m+cu3BEbkF0aBrplZhxqh70p4fzaS6\\nh+NVPqtHAgMBAAECggEAG0DVuIHAdt8B4c47GtMyEXmlRb5wPTNV8c2IzKM0os2x\\n2y6Raw1H0lYgzsKTrrASxtBjYcpSABQRRTBKX3w4WEcrJd+sYRWEpQO/k9JpaGtB\\nUxKJ2fON6fGV8DNCHskjYF/IMZgYA2s4aUm5g29HgAOfrNDDx7rtZkBqKH9GWE/f\\nfV3XNLBUhX35dNjuZHb5gxr81YXMf4NFw6XogYMaYF8Ikmw3IzioDdBhTZgnsc4/\\nH8xRIRoL9+DJkla5eLOWPLKivoo+dXkX1p5cczDr29JcsKHlcazNj0l2OBQpkIh2\\ndwSzLmOYFVSQMpf6sWWJ5CauC3ELODqslr1MwHeEPQKBgQDW/Eyw0kpsUm1rBAWE\\n6ZX+C4yLBhKoYbaJ6HWFt/tA7Fops4Oxw+DF43p9A8OV6/5DEz43eP+hsUeslOOs\\n0a6XkJdUPRYmbEzpK597ZLMfkGUlKgL9ZQv9nTpzkC05mb/nKQlxJIJGGxOzGQcr\\nWIR/2rousfbMRjWMWu/K0lyuiwKBgQDMCxB4Y//5fS3lmEWpEEIXYcU4wbIKjBln\\nTBw4+BFqgmacidXrcT9N03tj04dXPa5XnrdrO0HMdflN5Xg70ECl/L+J7sEryG63\\nXwHc2DeHWgPiDXLK0OY4vBvuqdPH+Gh7GTQxc1/QSNuKVfOy2I0Yo1otrKegQcFV\\n8noumKkptQKBgCtKgPL2VbA8ZPYwyB+8ncybbMCuB2HK02Qv4EJ+CuVG8t0E3hcU\\n15Vhuk+kS2VMMVY2cMfg4LEhrsos7S/mxV6V6jM3Xdd85XvqoeHKJFvNyuBR9moq\\nR+DZIWUV+lVoBYG5/MHA1U7isvPUrWHoID5SwD0Y7xaxaKULxs+zzqADAoGBAJss\\n2vTEEFr8AVi3ylp929WObH/yhuWQkI1Hi7sjpZMb4s+v37lz4dHdQNy1dRs69Ij8\\nUr/BTBQjsFq2Zg8PHOtfYYeTxOL4RoM8RN1grjJImeVjluZ5omyJWrDSBRbyavsb\\nOt9UwAxWLGhzX6enGv8e1CkiQkUVXORxSMyBGz11AoGBANIy9scPREdIs7r0a20L\\npyw4IbxUMG3No4EwqnMN8rsXkJmvqyxDyEYQSC+bTA4FCPl/rJktaAgcCsEH7S3y\\njRyAvrZUODp1uNk++vPi5WR7CBJ5V4ypTdkabAYzWhXl3TIhO2a21tThpuZkdQVz\\noSG0C2ZIp8JTH4R4VbN1beNk\\n-----END PRIVATE KEY-----\\n\",\n  \"client_email\": \"gitlab-gcs@lustrous-camera-352403.iam.gserviceaccount.com\",\n  \"client_id\": \"105814555053067911053\",\n  \"auth_uri\": \"https://accounts.google.com/o/oauth2/auth\",\n  \"token_uri\": \"https://oauth2.googleapis.com/token\",\n  \"auth_provider_x509_cert_url\": \"https://www.googleapis.com/oauth2/v1/certs\",\n  \"client_x509_cert_url\": \"https://www.googleapis.com/robot/v1/metadata/x509/gitlab-gcs%40lustrous-camera-352403.iam.gserviceaccount.com\"\n}\n"
            },
            "id": "default/google-application-credentials",
            "immutable": false,
            "metadata": [
              {
                "annotations": null,
                "generate_name": "",
                "generation": 0,
                "labels": null,
                "name": "google-application-credentials",
                "namespace": "default",
                "resource_version": "9106",
                "uid": "151ea17a-269c-443c-b68d-fd3c70dc599f"
              }
            ],
            "type": "Opaque"
          },
          "sensitive_attributes": [
            [
              {
                "type": "get_attr",
                "value": "data"
              },
              {
                "type": "index",
                "value": {
                  "value": "gcs-application-credentials-file",
                  "type": "string"
                }
              }
            ]
          ],
          "private": "bnVsbA==",
          "dependencies": [
            "data.google_compute_network.lab",
            "google_service_account_key.gitlab_gcs",
            "google_service_networking_connection.private_vpc_connection",
            "google_sql_database.gitlabhq_production",
            "google_sql_database_instance.gitlab_db",
            "google_sql_user.gitlab",
            "module.gke.google_container_cluster.primary",
            "module.gke.google_container_node_pool.pools",
            "module.gke_auth.data.google_client_config.provider",
            "module.gke_auth.data.google_container_cluster.gke_cluster",
            "random_id.suffix",
            "random_string.autogenerated_gitlab_db_password",
            "time_sleep.sleep_for_cluster_fix_helm_6361"
          ]
        }
      ]
    },
    {
      "mode": "managed",
      "type": "kubernetes_secret",
      "name": "gitlab_pg",
      "provider": "provider[\"registry.terraform.io/hashicorp/kubernetes\"]",
      "instances": [
        {
          "schema_version": 0,
          "attributes": {
            "binary_data": null,
            "data": {
              "password": "kYRu84aBdkmDmXjK"
            },
            "id": "default/gitlab-pg",
            "immutable": false,
            "metadata": [
              {
                "annotations": null,
                "generate_name": "",
                "generation": 0,
                "labels": null,
                "name": "gitlab-pg",
                "namespace": "default",
                "resource_version": "9108",
                "uid": "764462d9-0d41-4b66-a773-ebd9387edf2a"
              }
            ],
            "type": "Opaque"
          },
          "sensitive_attributes": [],
          "private": "bnVsbA==",
          "dependencies": [
            "data.google_compute_network.lab",
            "google_service_networking_connection.private_vpc_connection",
            "google_sql_database.gitlabhq_production",
            "google_sql_database_instance.gitlab_db",
            "google_sql_user.gitlab",
            "module.gke.google_container_cluster.primary",
            "module.gke.google_container_node_pool.pools",
            "module.gke_auth.data.google_client_config.provider",
            "module.gke_auth.data.google_container_cluster.gke_cluster",
            "random_id.suffix",
            "random_string.autogenerated_gitlab_db_password",
            "time_sleep.sleep_for_cluster_fix_helm_6361"
          ]
        }
      ]
    },
    {
      "mode": "managed",
      "type": "kubernetes_secret",
      "name": "gitlab_rails_storage",
      "provider": "provider[\"registry.terraform.io/hashicorp/kubernetes\"]",
      "instances": [
        {
          "schema_version": 0,
          "attributes": {
            "binary_data": null,
            "data": {
              "connection": "provider: Google\r\ngoogle_project: lustrous-camera-352403\r\ngoogle_client_email: gitlab-gcs@lustrous-camera-352403.iam.gserviceaccount.com\r\ngoogle_json_key_string: '{\n  \"type\": \"service_account\",\n  \"project_id\": \"lustrous-camera-352403\",\n  \"private_key_id\": \"b72317dfdd49e942e759a603a62353b4537bcd3a\",\n  \"private_key\": \"-----BEGIN PRIVATE KEY-----\\nMIIEvgIBADANBgkqhkiG9w0BAQEFAASCBKgwggSkAgEAAoIBAQCrWlfJEjXgCNws\\nwDphVpVQ59CJCX3yT0hrEX05ClvUY8dJxqrak1sxmPNDUNmIjyvGddGPx0+Fvhb+\\njW38Z32/IBkToZkWjkTOKlTLdC+qpWeQl82EU4yniQdskmKCw2C94FszOgmj22bO\\n0nkusg6+PnK64xIgBNdrT1ODhD0k3SXzfaSpv16MlSlPcWm3H7ZIs1ocltV3wnDq\\nMaVT4P/bSxHYn+43fYJ0Wjh4VLIxi1Lrg6B0dAzIp8judfyV7RorFZk5Q0YqKUIA\\n4PTbjtxTvaMlsXCeoF9K4myg8ZxQt/X8a8m+cu3BEbkF0aBrplZhxqh70p4fzaS6\\nh+NVPqtHAgMBAAECggEAG0DVuIHAdt8B4c47GtMyEXmlRb5wPTNV8c2IzKM0os2x\\n2y6Raw1H0lYgzsKTrrASxtBjYcpSABQRRTBKX3w4WEcrJd+sYRWEpQO/k9JpaGtB\\nUxKJ2fON6fGV8DNCHskjYF/IMZgYA2s4aUm5g29HgAOfrNDDx7rtZkBqKH9GWE/f\\nfV3XNLBUhX35dNjuZHb5gxr81YXMf4NFw6XogYMaYF8Ikmw3IzioDdBhTZgnsc4/\\nH8xRIRoL9+DJkla5eLOWPLKivoo+dXkX1p5cczDr29JcsKHlcazNj0l2OBQpkIh2\\ndwSzLmOYFVSQMpf6sWWJ5CauC3ELODqslr1MwHeEPQKBgQDW/Eyw0kpsUm1rBAWE\\n6ZX+C4yLBhKoYbaJ6HWFt/tA7Fops4Oxw+DF43p9A8OV6/5DEz43eP+hsUeslOOs\\n0a6XkJdUPRYmbEzpK597ZLMfkGUlKgL9ZQv9nTpzkC05mb/nKQlxJIJGGxOzGQcr\\nWIR/2rousfbMRjWMWu/K0lyuiwKBgQDMCxB4Y//5fS3lmEWpEEIXYcU4wbIKjBln\\nTBw4+BFqgmacidXrcT9N03tj04dXPa5XnrdrO0HMdflN5Xg70ECl/L+J7sEryG63\\nXwHc2DeHWgPiDXLK0OY4vBvuqdPH+Gh7GTQxc1/QSNuKVfOy2I0Yo1otrKegQcFV\\n8noumKkptQKBgCtKgPL2VbA8ZPYwyB+8ncybbMCuB2HK02Qv4EJ+CuVG8t0E3hcU\\n15Vhuk+kS2VMMVY2cMfg4LEhrsos7S/mxV6V6jM3Xdd85XvqoeHKJFvNyuBR9moq\\nR+DZIWUV+lVoBYG5/MHA1U7isvPUrWHoID5SwD0Y7xaxaKULxs+zzqADAoGBAJss\\n2vTEEFr8AVi3ylp929WObH/yhuWQkI1Hi7sjpZMb4s+v37lz4dHdQNy1dRs69Ij8\\nUr/BTBQjsFq2Zg8PHOtfYYeTxOL4RoM8RN1grjJImeVjluZ5omyJWrDSBRbyavsb\\nOt9UwAxWLGhzX6enGv8e1CkiQkUVXORxSMyBGz11AoGBANIy9scPREdIs7r0a20L\\npyw4IbxUMG3No4EwqnMN8rsXkJmvqyxDyEYQSC+bTA4FCPl/rJktaAgcCsEH7S3y\\njRyAvrZUODp1uNk++vPi5WR7CBJ5V4ypTdkabAYzWhXl3TIhO2a21tThpuZkdQVz\\noSG0C2ZIp8JTH4R4VbN1beNk\\n-----END PRIVATE KEY-----\\n\",\n  \"client_email\": \"gitlab-gcs@lustrous-camera-352403.iam.gserviceaccount.com\",\n  \"client_id\": \"105814555053067911053\",\n  \"auth_uri\": \"https://accounts.google.com/o/oauth2/auth\",\n  \"token_uri\": \"https://oauth2.googleapis.com/token\",\n  \"auth_provider_x509_cert_url\": \"https://www.googleapis.com/oauth2/v1/certs\",\n  \"client_x509_cert_url\": \"https://www.googleapis.com/robot/v1/metadata/x509/gitlab-gcs%40lustrous-camera-352403.iam.gserviceaccount.com\"\n}\n'\r\n"
            },
            "id": "default/gitlab-rails-storage",
            "immutable": false,
            "metadata": [
              {
                "annotations": null,
                "generate_name": "",
                "generation": 0,
                "labels": null,
                "name": "gitlab-rails-storage",
                "namespace": "default",
                "resource_version": "9110",
                "uid": "050dd119-de92-4359-91bd-50db9326fec0"
              }
            ],
            "type": "Opaque"
          },
          "sensitive_attributes": [
            [
              {
                "type": "get_attr",
                "value": "data"
              },
              {
                "type": "index",
                "value": {
                  "value": "connection",
                  "type": "string"
                }
              }
            ]
          ],
          "private": "bnVsbA==",
          "dependencies": [
            "data.google_compute_network.lab",
            "google_service_account.gitlab_gcs",
            "google_service_account_key.gitlab_gcs",
            "google_service_networking_connection.private_vpc_connection",
            "google_sql_database.gitlabhq_production",
            "google_sql_database_instance.gitlab_db",
            "google_sql_user.gitlab",
            "module.gke.google_container_cluster.primary",
            "module.gke.google_container_node_pool.pools",
            "module.gke_auth.data.google_client_config.provider",
            "module.gke_auth.data.google_container_cluster.gke_cluster",
            "random_id.suffix",
            "random_string.autogenerated_gitlab_db_password",
            "time_sleep.sleep_for_cluster_fix_helm_6361"
          ]
        }
      ]
    },
    {
      "mode": "managed",
      "type": "kubernetes_secret",
      "name": "gitlab_registry_storage",
      "provider": "provider[\"registry.terraform.io/hashicorp/kubernetes\"]",
      "instances": [
        {
          "schema_version": 0,
          "attributes": {
            "binary_data": null,
            "data": {
              "gcs.json": "{\n  \"type\": \"service_account\",\n  \"project_id\": \"lustrous-camera-352403\",\n  \"private_key_id\": \"b72317dfdd49e942e759a603a62353b4537bcd3a\",\n  \"private_key\": \"-----BEGIN PRIVATE KEY-----\\nMIIEvgIBADANBgkqhkiG9w0BAQEFAASCBKgwggSkAgEAAoIBAQCrWlfJEjXgCNws\\nwDphVpVQ59CJCX3yT0hrEX05ClvUY8dJxqrak1sxmPNDUNmIjyvGddGPx0+Fvhb+\\njW38Z32/IBkToZkWjkTOKlTLdC+qpWeQl82EU4yniQdskmKCw2C94FszOgmj22bO\\n0nkusg6+PnK64xIgBNdrT1ODhD0k3SXzfaSpv16MlSlPcWm3H7ZIs1ocltV3wnDq\\nMaVT4P/bSxHYn+43fYJ0Wjh4VLIxi1Lrg6B0dAzIp8judfyV7RorFZk5Q0YqKUIA\\n4PTbjtxTvaMlsXCeoF9K4myg8ZxQt/X8a8m+cu3BEbkF0aBrplZhxqh70p4fzaS6\\nh+NVPqtHAgMBAAECggEAG0DVuIHAdt8B4c47GtMyEXmlRb5wPTNV8c2IzKM0os2x\\n2y6Raw1H0lYgzsKTrrASxtBjYcpSABQRRTBKX3w4WEcrJd+sYRWEpQO/k9JpaGtB\\nUxKJ2fON6fGV8DNCHskjYF/IMZgYA2s4aUm5g29HgAOfrNDDx7rtZkBqKH9GWE/f\\nfV3XNLBUhX35dNjuZHb5gxr81YXMf4NFw6XogYMaYF8Ikmw3IzioDdBhTZgnsc4/\\nH8xRIRoL9+DJkla5eLOWPLKivoo+dXkX1p5cczDr29JcsKHlcazNj0l2OBQpkIh2\\ndwSzLmOYFVSQMpf6sWWJ5CauC3ELODqslr1MwHeEPQKBgQDW/Eyw0kpsUm1rBAWE\\n6ZX+C4yLBhKoYbaJ6HWFt/tA7Fops4Oxw+DF43p9A8OV6/5DEz43eP+hsUeslOOs\\n0a6XkJdUPRYmbEzpK597ZLMfkGUlKgL9ZQv9nTpzkC05mb/nKQlxJIJGGxOzGQcr\\nWIR/2rousfbMRjWMWu/K0lyuiwKBgQDMCxB4Y//5fS3lmEWpEEIXYcU4wbIKjBln\\nTBw4+BFqgmacidXrcT9N03tj04dXPa5XnrdrO0HMdflN5Xg70ECl/L+J7sEryG63\\nXwHc2DeHWgPiDXLK0OY4vBvuqdPH+Gh7GTQxc1/QSNuKVfOy2I0Yo1otrKegQcFV\\n8noumKkptQKBgCtKgPL2VbA8ZPYwyB+8ncybbMCuB2HK02Qv4EJ+CuVG8t0E3hcU\\n15Vhuk+kS2VMMVY2cMfg4LEhrsos7S/mxV6V6jM3Xdd85XvqoeHKJFvNyuBR9moq\\nR+DZIWUV+lVoBYG5/MHA1U7isvPUrWHoID5SwD0Y7xaxaKULxs+zzqADAoGBAJss\\n2vTEEFr8AVi3ylp929WObH/yhuWQkI1Hi7sjpZMb4s+v37lz4dHdQNy1dRs69Ij8\\nUr/BTBQjsFq2Zg8PHOtfYYeTxOL4RoM8RN1grjJImeVjluZ5omyJWrDSBRbyavsb\\nOt9UwAxWLGhzX6enGv8e1CkiQkUVXORxSMyBGz11AoGBANIy9scPREdIs7r0a20L\\npyw4IbxUMG3No4EwqnMN8rsXkJmvqyxDyEYQSC+bTA4FCPl/rJktaAgcCsEH7S3y\\njRyAvrZUODp1uNk++vPi5WR7CBJ5V4ypTdkabAYzWhXl3TIhO2a21tThpuZkdQVz\\noSG0C2ZIp8JTH4R4VbN1beNk\\n-----END PRIVATE KEY-----\\n\",\n  \"client_email\": \"gitlab-gcs@lustrous-camera-352403.iam.gserviceaccount.com\",\n  \"client_id\": \"105814555053067911053\",\n  \"auth_uri\": \"https://accounts.google.com/o/oauth2/auth\",\n  \"token_uri\": \"https://oauth2.googleapis.com/token\",\n  \"auth_provider_x509_cert_url\": \"https://www.googleapis.com/oauth2/v1/certs\",\n  \"client_x509_cert_url\": \"https://www.googleapis.com/robot/v1/metadata/x509/gitlab-gcs%40lustrous-camera-352403.iam.gserviceaccount.com\"\n}\n\r\n",
              "storage": "gcs:\r\n  bucket: lustrous-camera-352403-registry\r\n  keyfile: /etc/docker/registry/storage/gcs.json\r\n"
            },
            "id": "default/gitlab-registry-storage",
            "immutable": false,
            "metadata": [
              {
                "annotations": null,
                "generate_name": "",
                "generation": 0,
                "labels": null,
                "name": "gitlab-registry-storage",
                "namespace": "default",
                "resource_version": "9107",
                "uid": "e597a34e-98e0-4ebc-9d01-471314619186"
              }
            ],
            "type": "Opaque"
          },
          "sensitive_attributes": [
            [
              {
                "type": "get_attr",
                "value": "data"
              },
              {
                "type": "index",
                "value": {
                  "value": "gcs.json",
                  "type": "string"
                }
              }
            ]
          ],
          "private": "bnVsbA==",
          "dependencies": [
            "data.google_compute_network.lab",
            "google_service_account_key.gitlab_gcs",
            "google_service_networking_connection.private_vpc_connection",
            "google_sql_database.gitlabhq_production",
            "google_sql_database_instance.gitlab_db",
            "google_sql_user.gitlab",
            "module.gke.google_container_cluster.primary",
            "module.gke.google_container_node_pool.pools",
            "module.gke_auth.data.google_client_config.provider",
            "module.gke_auth.data.google_container_cluster.gke_cluster",
            "random_id.suffix",
            "random_string.autogenerated_gitlab_db_password",
            "time_sleep.sleep_for_cluster_fix_helm_6361"
          ]
        }
      ]
    },
    {
      "mode": "managed",
      "type": "kubernetes_storage_class",
      "name": "pd-ssd",
      "provider": "provider[\"registry.terraform.io/hashicorp/kubernetes\"]",
      "instances": [
        {
          "schema_version": 0,
          "attributes": {
            "allow_volume_expansion": true,
            "allowed_topologies": [],
            "id": "pd-ssd",
            "metadata": [
              {
                "annotations": null,
                "generate_name": "",
                "generation": 0,
                "labels": null,
                "name": "pd-ssd",
                "resource_version": "9109",
                "uid": "a4d63daf-d0b8-4b8f-9c8b-f6761ce06d5b"
              }
            ],
            "mount_options": null,
            "parameters": {
              "type": "pd-ssd"
            },
            "reclaim_policy": "Delete",
            "storage_provisioner": "kubernetes.io/gce-pd",
            "volume_binding_mode": "Immediate"
          },
          "sensitive_attributes": [],
          "private": "bnVsbA==",
          "dependencies": [
            "data.google_compute_network.lab",
            "google_service_networking_connection.private_vpc_connection",
            "google_sql_database.gitlabhq_production",
            "google_sql_database_instance.gitlab_db",
            "google_sql_user.gitlab",
            "module.gke.google_container_cluster.primary",
            "module.gke.google_container_node_pool.pools",
            "module.gke_auth.data.google_client_config.provider",
            "module.gke_auth.data.google_container_cluster.gke_cluster",
            "random_id.suffix",
            "random_string.autogenerated_gitlab_db_password",
            "time_sleep.sleep_for_cluster_fix_helm_6361"
          ]
        }
      ]
    },
    {
      "mode": "managed",
      "type": "random_string",
      "name": "autogenerated_gitlab_db_password",
      "provider": "provider[\"registry.terraform.io/hashicorp/random\"]",
      "instances": [
        {
          "schema_version": 2,
          "attributes": {
            "id": "kYRu84aBdkmDmXjK",
            "keepers": null,
            "length": 16,
            "lower": true,
            "min_lower": 0,
            "min_numeric": 0,
            "min_special": 0,
            "min_upper": 0,
            "number": true,
            "numeric": true,
            "override_special": null,
            "result": "kYRu84aBdkmDmXjK",
            "special": false,
            "upper": true
          },
          "sensitive_attributes": [],
          "private": "eyJzY2hlbWFfdmVyc2lvbiI6IjIifQ=="
        }
      ]
    },
    {
      "mode": "managed",
      "type": "time_sleep",
      "name": "sleep_for_cluster_fix_helm_6361",
      "provider": "provider[\"registry.terraform.io/hashicorp/time\"]",
      "instances": [
        {
          "schema_version": 0,
          "attributes": {
            "create_duration": "180s",
            "destroy_duration": "180s",
            "id": "2022-06-30T08:44:14Z",
            "triggers": null
          },
          "sensitive_attributes": [],
          "private": "bnVsbA==",
          "dependencies": [
            "data.google_compute_network.lab",
            "google_service_networking_connection.private_vpc_connection",
            "google_sql_database.gitlabhq_production",
            "google_sql_database_instance.gitlab_db",
            "google_sql_user.gitlab",
            "module.gke.google_container_cluster.primary",
            "module.gke.google_container_node_pool.pools",
            "random_id.suffix",
            "random_string.autogenerated_gitlab_db_password"
          ]
        }
      ]
    },
    {
      "module": "module.gke",
      "mode": "data",
      "type": "google_compute_zones",
      "name": "available",
      "provider": "provider[\"registry.terraform.io/hashicorp/google\"]",
      "instances": [
        {
          "schema_version": 0,
          "attributes": {
            "id": "projects/lustrous-camera-352403/regions/us-central1",
            "names": [
              "us-central1-a",
              "us-central1-b",
              "us-central1-c",
              "us-central1-f"
            ],
            "project": "lustrous-camera-352403",
            "region": "us-central1",
            "status": null
          },
          "sensitive_attributes": []
        }
      ]
    },
    {
      "module": "module.gke",
      "mode": "data",
      "type": "google_container_engine_versions",
      "name": "region",
      "provider": "provider[\"registry.terraform.io/hashicorp/google\"]",
      "instances": [
        {
          "schema_version": 0,
          "attributes": {
            "default_cluster_version": "1.22.8-gke.202",
            "id": "2022-06-30 08:37:37.8961556 +0000 UTC",
            "latest_master_version": "1.24.1-gke.1400",
            "latest_node_version": "1.24.1-gke.1400",
            "location": "us-central1",
            "project": "lustrous-camera-352403",
            "release_channel_default_version": {
              "RAPID": "1.23.6-gke.1501",
              "REGULAR": "1.22.8-gke.202",
              "STABLE": "1.21.11-gke.1900"
            },
            "valid_master_versions": [
              "1.24.1-gke.1400",
              "1.23.7-gke.1400",
              "1.23.6-gke.2200",
              "1.23.6-gke.1700",
              "1.23.6-gke.1501",
              "1.23.6-gke.1500",
              "1.23.5-gke.2400",
              "1.23.5-gke.1503",
              "1.23.5-gke.1501",
              "1.22.10-gke.600",
              "1.22.9-gke.2000",
              "1.22.9-gke.1500",
              "1.22.9-gke.1300",
              "1.22.8-gke.2200",
              "1.22.8-gke.202",
              "1.22.8-gke.201",
              "1.22.8-gke.200",
              "1.21.13-gke.900",
              "1.21.12-gke.2200",
              "1.21.12-gke.1700",
              "1.21.12-gke.1500",
              "1.21.11-gke.1900",
              "1.21.11-gke.1100",
              "1.20.15-gke.9900",
              "1.20.15-gke.8700",
              "1.20.15-gke.8200",
              "1.20.15-gke.8000",
              "1.20.15-gke.6000",
              "1.19.16-gke.15700",
              "1.19.16-gke.14500",
              "1.19.16-gke.14000",
              "1.19.16-gke.13800",
              "1.19.16-gke.11800",
              "1.19.16-gke.11000",
              "1.19.16-gke.9400"
            ],
            "valid_node_versions": [
              "1.24.1-gke.1400",
              "1.23.7-gke.1400",
              "1.23.6-gke.2200",
              "1.23.6-gke.1700",
              "1.23.6-gke.1501",
              "1.23.6-gke.1500",
              "1.23.5-gke.2400",
              "1.23.5-gke.1503",
              "1.23.5-gke.1501",
              "1.22.10-gke.600",
              "1.22.9-gke.2000",
              "1.22.9-gke.1500",
              "1.22.9-gke.1300",
              "1.22.8-gke.2200",
              "1.22.8-gke.202",
              "1.22.8-gke.201",
              "1.22.8-gke.200",
              "1.22.7-gke.1500",
              "1.22.7-gke.1300",
              "1.22.7-gke.900",
              "1.22.7-gke.300",
              "1.22.6-gke.1000",
              "1.22.6-gke.300",
              "1.22.4-gke.1501",
              "1.22.3-gke.1500",
              "1.21.13-gke.900",
              "1.21.12-gke.2200",
              "1.21.12-gke.1700",
              "1.21.12-gke.1500",
              "1.21.11-gke.1900",
              "1.21.11-gke.1100",
              "1.21.11-gke.900",
              "1.21.10-gke.2000",
              "1.21.10-gke.1500",
              "1.21.10-gke.1300",
              "1.21.10-gke.400",
              "1.21.9-gke.1002",
              "1.21.9-gke.1001",
              "1.21.9-gke.1000",
              "1.21.9-gke.300",
              "1.21.6-gke.1503",
              "1.21.6-gke.1501",
              "1.21.6-gke.1500",
              "1.21.5-gke.1805",
              "1.21.5-gke.1802",
              "1.21.5-gke.1302",
              "1.21.5-gke.1300",
              "1.21.4-gke.2302",
              "1.21.4-gke.2300",
              "1.21.3-gke.2003",
              "1.21.3-gke.2001",
              "1.20.15-gke.9900",
              "1.20.15-gke.8700",
              "1.20.15-gke.8200",
              "1.20.15-gke.8000",
              "1.20.15-gke.6000",
              "1.20.15-gke.5200",
              "1.20.15-gke.5000",
              "1.20.15-gke.4100",
              "1.20.15-gke.3600",
              "1.20.15-gke.3400",
              "1.20.15-gke.2500",
              "1.20.15-gke.1000",
              "1.20.15-gke.300",
              "1.20.12-gke.1500",
              "1.20.11-gke.1801",
              "1.20.11-gke.1300",
              "1.20.10-gke.2100",
              "1.20.10-gke.1600",
              "1.20.10-gke.301",
              "1.20.9-gke.2100",
              "1.20.9-gke.1001",
              "1.20.9-gke.1000",
              "1.20.9-gke.701",
              "1.20.9-gke.700",
              "1.20.8-gke.2101",
              "1.20.8-gke.2100",
              "1.20.8-gke.900",
              "1.20.8-gke.700",
              "1.20.7-gke.2200",
              "1.20.7-gke.1800",
              "1.20.6-gke.1400",
              "1.20.6-gke.1000",
              "1.19.16-gke.15700",
              "1.19.16-gke.14500",
              "1.19.16-gke.14000",
              "1.19.16-gke.13800",
              "1.19.16-gke.11800",
              "1.19.16-gke.11000",
              "1.19.16-gke.10800",
              "1.19.16-gke.9900",
              "1.19.16-gke.9400",
              "1.19.16-gke.9200",
              "1.19.16-gke.8300",
              "1.19.16-gke.6800",
              "1.19.16-gke.6100",
              "1.19.16-gke.3600",
              "1.19.15-gke.1801",
              "1.19.15-gke.1300",
              "1.19.15-gke.500",
              "1.19.14-gke.2300",
              "1.19.14-gke.1900",
              "1.19.14-gke.301",
              "1.19.14-gke.300",
              "1.19.13-gke.1900",
              "1.19.13-gke.1200",
              "1.19.13-gke.701",
              "1.19.13-gke.700",
              "1.19.12-gke.2101",
              "1.19.12-gke.2100",
              "1.19.12-gke.1100",
              "1.19.12-gke.900",
              "1.19.12-gke.700",
              "1.19.11-gke.2101",
              "1.19.11-gke.2100",
              "1.19.11-gke.1701",
              "1.19.11-gke.1700",
              "1.19.10-gke.1701",
              "1.19.10-gke.1700",
              "1.19.10-gke.1601",
              "1.19.10-gke.1600",
              "1.19.10-gke.1001",
              "1.19.10-gke.1000",
              "1.19.9-gke.1900",
              "1.19.9-gke.1400",
              "1.19.9-gke.700",
              "1.19.9-gke.100",
              "1.19.8-gke.2000",
              "1.19.8-gke.1600",
              "1.19.8-gke.1000",
              "1.19.7-gke.2503",
              "1.19.7-gke.1500",
              "1.19.7-gke.1302",
              "1.19.7-gke.800",
              "1.19.6-gke.1700",
              "1.19.6-gke.1100",
              "1.19.6-gke.600",
              "1.18.20-gke.6101",
              "1.18.20-gke.6000",
              "1.18.20-gke.4501",
              "1.18.20-gke.4500",
              "1.18.20-gke.4100",
              "1.18.20-gke.3300",
              "1.18.20-gke.3001",
              "1.18.20-gke.3000",
              "1.18.20-gke.2300",
              "1.18.20-gke.901",
              "1.18.20-gke.900",
              "1.18.20-gke.501",
              "1.18.19-gke.2101",
              "1.18.19-gke.2100",
              "1.18.19-gke.1701",
              "1.18.19-gke.1700",
              "1.18.18-gke.1701",
              "1.18.18-gke.1700",
              "1.18.18-gke.1101",
              "1.18.18-gke.1100",
              "1.18.17-gke.1901",
              "1.18.17-gke.1900",
              "1.18.17-gke.1201",
              "1.18.17-gke.1200",
              "1.18.17-gke.700",
              "1.18.17-gke.100",
              "1.18.16-gke.2100",
              "1.18.16-gke.1201",
              "1.18.16-gke.1200",
              "1.18.16-gke.502",
              "1.18.16-gke.500",
              "1.18.16-gke.302",
              "1.18.16-gke.300",
              "1.18.15-gke.2500",
              "1.18.15-gke.1502",
              "1.18.15-gke.1501",
              "1.18.15-gke.1500",
              "1.18.15-gke.1102",
              "1.18.15-gke.1100",
              "1.18.15-gke.800",
              "1.18.14-gke.1600",
              "1.18.14-gke.1200",
              "1.18.12-gke.1210",
              "1.18.12-gke.1206",
              "1.18.12-gke.1205",
              "1.18.12-gke.1201",
              "1.18.12-gke.1200",
              "1.18.12-gke.300",
              "1.18.10-gke.2701",
              "1.18.10-gke.2101",
              "1.18.10-gke.1500",
              "1.18.10-gke.601",
              "1.18.9-gke.2501",
              "1.18.9-gke.1501",
              "1.18.9-gke.801",
              "1.18.6-gke.4801",
              "1.18.6-gke.3504",
              "1.18.6-gke.3503",
              "1.17.17-gke.9100",
              "1.17.17-gke.8500",
              "1.17.17-gke.8200",
              "1.17.17-gke.7800",
              "1.17.17-gke.7200",
              "1.17.17-gke.6700",
              "1.17.17-gke.6000",
              "1.17.17-gke.5400",
              "1.17.17-gke.4900",
              "1.17.17-gke.4400",
              "1.17.17-gke.3700",
              "1.17.17-gke.3000",
              "1.17.17-gke.2800",
              "1.17.17-gke.2500",
              "1.17.17-gke.1500",
              "1.17.17-gke.1101",
              "1.17.17-gke.1100",
              "1.17.17-gke.600",
              "1.17.16-gke.1600",
              "1.17.16-gke.1300",
              "1.17.15-gke.800",
              "1.17.15-gke.300",
              "1.17.14-gke.1600",
              "1.17.14-gke.1200",
              "1.17.14-gke.400",
              "1.17.13-gke.2600",
              "1.17.13-gke.2001",
              "1.17.13-gke.1401",
              "1.17.13-gke.1400",
              "1.17.13-gke.600",
              "1.17.12-gke.2502",
              "1.17.12-gke.1504",
              "1.17.12-gke.1501",
              "1.17.12-gke.500",
              "1.17.9-gke.6300",
              "1.17.9-gke.1504",
              "1.16.15-gke.14800",
              "1.16.15-gke.12500",
              "1.16.15-gke.11800",
              "1.16.15-gke.10600",
              "1.16.15-gke.7801",
              "1.16.15-gke.7800",
              "1.16.15-gke.7300",
              "1.16.15-gke.6900",
              "1.16.15-gke.6000",
              "1.16.15-gke.5500",
              "1.16.15-gke.4901",
              "1.16.15-gke.4301",
              "1.16.15-gke.4300",
              "1.16.15-gke.3500",
              "1.16.15-gke.2601",
              "1.16.15-gke.1600",
              "1.16.15-gke.500",
              "1.16.13-gke.404",
              "1.16.13-gke.403",
              "1.16.13-gke.401",
              "1.16.13-gke.400",
              "1.16.13-gke.1",
              "1.16.11-gke.5",
              "1.16.10-gke.8",
              "1.16.9-gke.6",
              "1.16.9-gke.2",
              "1.16.8-gke.15",
              "1.16.8-gke.12",
              "1.16.8-gke.9",
              "1.15.12-gke.6002",
              "1.15.12-gke.6001",
              "1.15.12-gke.5000",
              "1.15.12-gke.4002",
              "1.15.12-gke.4000",
              "1.15.12-gke.20",
              "1.15.12-gke.17",
              "1.15.12-gke.16",
              "1.15.12-gke.13",
              "1.15.12-gke.9",
              "1.15.12-gke.6",
              "1.15.12-gke.3",
              "1.15.12-gke.2",
              "1.15.11-gke.17",
              "1.15.11-gke.15",
              "1.15.11-gke.13",
              "1.15.11-gke.12",
              "1.15.11-gke.11",
              "1.15.11-gke.9",
              "1.15.11-gke.5",
              "1.15.11-gke.3",
              "1.15.11-gke.1",
              "1.15.9-gke.26",
              "1.15.9-gke.24",
              "1.15.9-gke.22",
              "1.15.9-gke.12",
              "1.15.9-gke.9",
              "1.15.9-gke.8",
              "1.15.8-gke.3",
              "1.15.8-gke.2",
              "1.15.7-gke.23",
              "1.15.7-gke.2",
              "1.15.4-gke.22",
              "1.14.10-gke.1504",
              "1.14.10-gke.902",
              "1.14.10-gke.50",
              "1.14.10-gke.46",
              "1.14.10-gke.45",
              "1.14.10-gke.42",
              "1.14.10-gke.41",
              "1.14.10-gke.40",
              "1.14.10-gke.37",
              "1.14.10-gke.36",
              "1.14.10-gke.34",
              "1.14.10-gke.32",
              "1.14.10-gke.31",
              "1.14.10-gke.27",
              "1.14.10-gke.24",
              "1.14.10-gke.22",
              "1.14.10-gke.21",
              "1.14.10-gke.17",
              "1.14.10-gke.0",
              "1.14.9-gke.23",
              "1.14.9-gke.2",
              "1.14.9-gke.0",
              "1.14.8-gke.33",
              "1.14.8-gke.21",
              "1.14.8-gke.18",
              "1.14.8-gke.17",
              "1.14.8-gke.14",
              "1.14.8-gke.12",
              "1.14.8-gke.7",
              "1.14.8-gke.2",
              "1.14.7-gke.40",
              "1.14.7-gke.25",
              "1.14.7-gke.23",
              "1.14.7-gke.17",
              "1.14.7-gke.14",
              "1.14.7-gke.10",
              "1.14.6-gke.13",
              "1.14.6-gke.2",
              "1.14.6-gke.1",
              "1.14.3-gke.11",
              "1.14.3-gke.10",
              "1.14.3-gke.9",
              "1.14.2-gke.9",
              "1.14.1-gke.5",
              "1.13.12-gke.30",
              "1.13.12-gke.25",
              "1.13.12-gke.17",
              "1.13.12-gke.16",
              "1.13.12-gke.14",
              "1.13.12-gke.13",
              "1.13.12-gke.10",
              "1.13.12-gke.8",
              "1.13.12-gke.4",
              "1.13.12-gke.2",
              "1.13.11-gke.23",
              "1.13.11-gke.15",
              "1.13.11-gke.14",
              "1.13.11-gke.12",
              "1.13.11-gke.11",
              "1.13.11-gke.9",
              "1.13.11-gke.5",
              "1.13.10-gke.7",
              "1.13.10-gke.0",
              "1.13.9-gke.11",
              "1.13.9-gke.3",
              "1.13.7-gke.24",
              "1.13.7-gke.19",
              "1.13.7-gke.15",
              "1.13.7-gke.8",
              "1.13.7-gke.0",
              "1.13.6-gke.13",
              "1.13.6-gke.6",
              "1.13.6-gke.5",
              "1.13.6-gke.0",
              "1.13.5-gke.10",
              "1.12.10-gke.22",
              "1.12.10-gke.20",
              "1.12.10-gke.19",
              "1.12.10-gke.18",
              "1.12.10-gke.17",
              "1.12.10-gke.15",
              "1.12.10-gke.13",
              "1.12.10-gke.11",
              "1.12.10-gke.5",
              "1.12.9-gke.16",
              "1.12.9-gke.15",
              "1.12.9-gke.13",
              "1.12.9-gke.10",
              "1.12.9-gke.7",
              "1.12.9-gke.3",
              "1.12.8-gke.12",
              "1.12.8-gke.10",
              "1.12.8-gke.7",
              "1.12.8-gke.6",
              "1.12.7-gke.26",
              "1.12.7-gke.25",
              "1.12.7-gke.24",
              "1.12.7-gke.22",
              "1.12.7-gke.21",
              "1.12.7-gke.17",
              "1.12.7-gke.10",
              "1.12.7-gke.7",
              "1.12.6-gke.11",
              "1.12.6-gke.10",
              "1.12.6-gke.7",
              "1.12.5-gke.10",
              "1.12.5-gke.5",
              "1.11.10-gke.6",
              "1.11.10-gke.5"
            ],
            "version_prefix": null
          },
          "sensitive_attributes": []
        }
      ]
    },
    {
      "module": "module.gke",
      "mode": "data",
      "type": "google_container_engine_versions",
      "name": "zone",
      "provider": "provider[\"registry.terraform.io/hashicorp/google\"]",
      "instances": [
        {
          "schema_version": 0,
          "attributes": {
            "default_cluster_version": "1.22.8-gke.202",
            "id": "2022-06-30 08:37:38.2102317 +0000 UTC",
            "latest_master_version": "1.24.1-gke.1400",
            "latest_node_version": "1.24.1-gke.1400",
            "location": "us-central1-a",
            "project": "lustrous-camera-352403",
            "release_channel_default_version": {
              "RAPID": "1.23.6-gke.1501",
              "REGULAR": "1.22.8-gke.202",
              "STABLE": "1.21.11-gke.1900"
            },
            "valid_master_versions": [
              "1.24.1-gke.1400",
              "1.23.7-gke.1400",
              "1.23.6-gke.2200",
              "1.23.6-gke.1700",
              "1.23.6-gke.1501",
              "1.23.6-gke.1500",
              "1.23.5-gke.2400",
              "1.23.5-gke.1503",
              "1.23.5-gke.1501",
              "1.22.10-gke.600",
              "1.22.9-gke.2000",
              "1.22.9-gke.1500",
              "1.22.9-gke.1300",
              "1.22.8-gke.2200",
              "1.22.8-gke.202",
              "1.22.8-gke.201",
              "1.22.8-gke.200",
              "1.21.13-gke.900",
              "1.21.12-gke.2200",
              "1.21.12-gke.1700",
              "1.21.12-gke.1500",
              "1.21.11-gke.1900",
              "1.21.11-gke.1100",
              "1.20.15-gke.9900",
              "1.20.15-gke.8700",
              "1.20.15-gke.8200",
              "1.20.15-gke.8000",
              "1.20.15-gke.6000",
              "1.19.16-gke.15700",
              "1.19.16-gke.14500",
              "1.19.16-gke.14000",
              "1.19.16-gke.13800",
              "1.19.16-gke.11800",
              "1.19.16-gke.11000",
              "1.19.16-gke.9400"
            ],
            "valid_node_versions": [
              "1.24.1-gke.1400",
              "1.23.7-gke.1400",
              "1.23.6-gke.2200",
              "1.23.6-gke.1700",
              "1.23.6-gke.1501",
              "1.23.6-gke.1500",
              "1.23.5-gke.2400",
              "1.23.5-gke.1503",
              "1.23.5-gke.1501",
              "1.22.10-gke.600",
              "1.22.9-gke.2000",
              "1.22.9-gke.1500",
              "1.22.9-gke.1300",
              "1.22.8-gke.2200",
              "1.22.8-gke.202",
              "1.22.8-gke.201",
              "1.22.8-gke.200",
              "1.22.7-gke.1500",
              "1.22.7-gke.1300",
              "1.22.7-gke.900",
              "1.22.7-gke.300",
              "1.22.6-gke.1000",
              "1.22.6-gke.300",
              "1.22.4-gke.1501",
              "1.22.3-gke.1500",
              "1.21.13-gke.900",
              "1.21.12-gke.2200",
              "1.21.12-gke.1700",
              "1.21.12-gke.1500",
              "1.21.11-gke.1900",
              "1.21.11-gke.1100",
              "1.21.11-gke.900",
              "1.21.10-gke.2000",
              "1.21.10-gke.1500",
              "1.21.10-gke.1300",
              "1.21.10-gke.400",
              "1.21.9-gke.1002",
              "1.21.9-gke.1001",
              "1.21.9-gke.1000",
              "1.21.9-gke.300",
              "1.21.6-gke.1503",
              "1.21.6-gke.1501",
              "1.21.6-gke.1500",
              "1.21.5-gke.1805",
              "1.21.5-gke.1802",
              "1.21.5-gke.1302",
              "1.21.5-gke.1300",
              "1.21.4-gke.2302",
              "1.21.4-gke.2300",
              "1.21.3-gke.2003",
              "1.21.3-gke.2001",
              "1.20.15-gke.9900",
              "1.20.15-gke.8700",
              "1.20.15-gke.8200",
              "1.20.15-gke.8000",
              "1.20.15-gke.6000",
              "1.20.15-gke.5200",
              "1.20.15-gke.5000",
              "1.20.15-gke.4100",
              "1.20.15-gke.3600",
              "1.20.15-gke.3400",
              "1.20.15-gke.2500",
              "1.20.15-gke.1000",
              "1.20.15-gke.300",
              "1.20.12-gke.1500",
              "1.20.11-gke.1801",
              "1.20.11-gke.1300",
              "1.20.10-gke.2100",
              "1.20.10-gke.1600",
              "1.20.10-gke.301",
              "1.20.9-gke.2100",
              "1.20.9-gke.1001",
              "1.20.9-gke.1000",
              "1.20.9-gke.701",
              "1.20.9-gke.700",
              "1.20.8-gke.2101",
              "1.20.8-gke.2100",
              "1.20.8-gke.900",
              "1.20.8-gke.700",
              "1.20.7-gke.2200",
              "1.20.7-gke.1800",
              "1.20.6-gke.1400",
              "1.20.6-gke.1000",
              "1.19.16-gke.15700",
              "1.19.16-gke.14500",
              "1.19.16-gke.14000",
              "1.19.16-gke.13800",
              "1.19.16-gke.11800",
              "1.19.16-gke.11000",
              "1.19.16-gke.10800",
              "1.19.16-gke.9900",
              "1.19.16-gke.9400",
              "1.19.16-gke.9200",
              "1.19.16-gke.8300",
              "1.19.16-gke.6800",
              "1.19.16-gke.6100",
              "1.19.16-gke.3600",
              "1.19.15-gke.1801",
              "1.19.15-gke.1300",
              "1.19.15-gke.500",
              "1.19.14-gke.2300",
              "1.19.14-gke.1900",
              "1.19.14-gke.301",
              "1.19.14-gke.300",
              "1.19.13-gke.1900",
              "1.19.13-gke.1200",
              "1.19.13-gke.701",
              "1.19.13-gke.700",
              "1.19.12-gke.2101",
              "1.19.12-gke.2100",
              "1.19.12-gke.1100",
              "1.19.12-gke.900",
              "1.19.12-gke.700",
              "1.19.11-gke.2101",
              "1.19.11-gke.2100",
              "1.19.11-gke.1701",
              "1.19.11-gke.1700",
              "1.19.10-gke.1701",
              "1.19.10-gke.1700",
              "1.19.10-gke.1601",
              "1.19.10-gke.1600",
              "1.19.10-gke.1001",
              "1.19.10-gke.1000",
              "1.19.9-gke.1900",
              "1.19.9-gke.1400",
              "1.19.9-gke.700",
              "1.19.9-gke.100",
              "1.19.8-gke.2000",
              "1.19.8-gke.1600",
              "1.19.8-gke.1000",
              "1.19.7-gke.2503",
              "1.19.7-gke.1500",
              "1.19.7-gke.1302",
              "1.19.7-gke.800",
              "1.19.6-gke.1700",
              "1.19.6-gke.1100",
              "1.19.6-gke.600",
              "1.18.20-gke.6101",
              "1.18.20-gke.6000",
              "1.18.20-gke.4501",
              "1.18.20-gke.4500",
              "1.18.20-gke.4100",
              "1.18.20-gke.3300",
              "1.18.20-gke.3001",
              "1.18.20-gke.3000",
              "1.18.20-gke.2300",
              "1.18.20-gke.901",
              "1.18.20-gke.900",
              "1.18.20-gke.501",
              "1.18.19-gke.2101",
              "1.18.19-gke.2100",
              "1.18.19-gke.1701",
              "1.18.19-gke.1700",
              "1.18.18-gke.1701",
              "1.18.18-gke.1700",
              "1.18.18-gke.1101",
              "1.18.18-gke.1100",
              "1.18.17-gke.1901",
              "1.18.17-gke.1900",
              "1.18.17-gke.1201",
              "1.18.17-gke.1200",
              "1.18.17-gke.700",
              "1.18.17-gke.100",
              "1.18.16-gke.2100",
              "1.18.16-gke.1201",
              "1.18.16-gke.1200",
              "1.18.16-gke.502",
              "1.18.16-gke.500",
              "1.18.16-gke.302",
              "1.18.16-gke.300",
              "1.18.15-gke.2500",
              "1.18.15-gke.1502",
              "1.18.15-gke.1501",
              "1.18.15-gke.1500",
              "1.18.15-gke.1102",
              "1.18.15-gke.1100",
              "1.18.15-gke.800",
              "1.18.14-gke.1600",
              "1.18.14-gke.1200",
              "1.18.12-gke.1210",
              "1.18.12-gke.1206",
              "1.18.12-gke.1205",
              "1.18.12-gke.1201",
              "1.18.12-gke.1200",
              "1.18.12-gke.300",
              "1.18.10-gke.2701",
              "1.18.10-gke.2101",
              "1.18.10-gke.1500",
              "1.18.10-gke.601",
              "1.18.9-gke.2501",
              "1.18.9-gke.1501",
              "1.18.9-gke.801",
              "1.18.6-gke.4801",
              "1.18.6-gke.3504",
              "1.18.6-gke.3503",
              "1.17.17-gke.9100",
              "1.17.17-gke.8500",
              "1.17.17-gke.8200",
              "1.17.17-gke.7800",
              "1.17.17-gke.7200",
              "1.17.17-gke.6700",
              "1.17.17-gke.6000",
              "1.17.17-gke.5400",
              "1.17.17-gke.4900",
              "1.17.17-gke.4400",
              "1.17.17-gke.3700",
              "1.17.17-gke.3000",
              "1.17.17-gke.2800",
              "1.17.17-gke.2500",
              "1.17.17-gke.1500",
              "1.17.17-gke.1101",
              "1.17.17-gke.1100",
              "1.17.17-gke.600",
              "1.17.16-gke.1600",
              "1.17.16-gke.1300",
              "1.17.15-gke.800",
              "1.17.15-gke.300",
              "1.17.14-gke.1600",
              "1.17.14-gke.1200",
              "1.17.14-gke.400",
              "1.17.13-gke.2600",
              "1.17.13-gke.2001",
              "1.17.13-gke.1401",
              "1.17.13-gke.1400",
              "1.17.13-gke.600",
              "1.17.12-gke.2502",
              "1.17.12-gke.1504",
              "1.17.12-gke.1501",
              "1.17.12-gke.500",
              "1.17.9-gke.6300",
              "1.17.9-gke.1504",
              "1.16.15-gke.14800",
              "1.16.15-gke.12500",
              "1.16.15-gke.11800",
              "1.16.15-gke.10600",
              "1.16.15-gke.7801",
              "1.16.15-gke.7800",
              "1.16.15-gke.7300",
              "1.16.15-gke.6900",
              "1.16.15-gke.6000",
              "1.16.15-gke.5500",
              "1.16.15-gke.4901",
              "1.16.15-gke.4301",
              "1.16.15-gke.4300",
              "1.16.15-gke.3500",
              "1.16.15-gke.2601",
              "1.16.15-gke.1600",
              "1.16.15-gke.500",
              "1.16.13-gke.404",
              "1.16.13-gke.403",
              "1.16.13-gke.401",
              "1.16.13-gke.400",
              "1.16.13-gke.1",
              "1.16.11-gke.5",
              "1.16.10-gke.8",
              "1.16.9-gke.6",
              "1.16.9-gke.2",
              "1.16.8-gke.15",
              "1.16.8-gke.12",
              "1.16.8-gke.9",
              "1.15.12-gke.6002",
              "1.15.12-gke.6001",
              "1.15.12-gke.5000",
              "1.15.12-gke.4002",
              "1.15.12-gke.4000",
              "1.15.12-gke.20",
              "1.15.12-gke.17",
              "1.15.12-gke.16",
              "1.15.12-gke.13",
              "1.15.12-gke.9",
              "1.15.12-gke.6",
              "1.15.12-gke.3",
              "1.15.12-gke.2",
              "1.15.11-gke.17",
              "1.15.11-gke.15",
              "1.15.11-gke.13",
              "1.15.11-gke.12",
              "1.15.11-gke.11",
              "1.15.11-gke.9",
              "1.15.11-gke.5",
              "1.15.11-gke.3",
              "1.15.11-gke.1",
              "1.15.9-gke.26",
              "1.15.9-gke.24",
              "1.15.9-gke.22",
              "1.15.9-gke.12",
              "1.15.9-gke.9",
              "1.15.9-gke.8",
              "1.15.8-gke.3",
              "1.15.8-gke.2",
              "1.15.7-gke.23",
              "1.15.7-gke.2",
              "1.15.4-gke.22",
              "1.14.10-gke.1504",
              "1.14.10-gke.902",
              "1.14.10-gke.50",
              "1.14.10-gke.46",
              "1.14.10-gke.45",
              "1.14.10-gke.42",
              "1.14.10-gke.41",
              "1.14.10-gke.40",
              "1.14.10-gke.37",
              "1.14.10-gke.36",
              "1.14.10-gke.34",
              "1.14.10-gke.32",
              "1.14.10-gke.31",
              "1.14.10-gke.27",
              "1.14.10-gke.24",
              "1.14.10-gke.22",
              "1.14.10-gke.21",
              "1.14.10-gke.17",
              "1.14.10-gke.0",
              "1.14.9-gke.23",
              "1.14.9-gke.2",
              "1.14.9-gke.0",
              "1.14.8-gke.33",
              "1.14.8-gke.21",
              "1.14.8-gke.18",
              "1.14.8-gke.17",
              "1.14.8-gke.14",
              "1.14.8-gke.12",
              "1.14.8-gke.7",
              "1.14.8-gke.2",
              "1.14.7-gke.40",
              "1.14.7-gke.25",
              "1.14.7-gke.23",
              "1.14.7-gke.17",
              "1.14.7-gke.14",
              "1.14.7-gke.10",
              "1.14.6-gke.13",
              "1.14.6-gke.2",
              "1.14.6-gke.1",
              "1.14.3-gke.11",
              "1.14.3-gke.10",
              "1.14.3-gke.9",
              "1.14.2-gke.9",
              "1.14.1-gke.5",
              "1.13.12-gke.30",
              "1.13.12-gke.25",
              "1.13.12-gke.17",
              "1.13.12-gke.16",
              "1.13.12-gke.14",
              "1.13.12-gke.13",
              "1.13.12-gke.10",
              "1.13.12-gke.8",
              "1.13.12-gke.4",
              "1.13.12-gke.2",
              "1.13.11-gke.23",
              "1.13.11-gke.15",
              "1.13.11-gke.14",
              "1.13.11-gke.12",
              "1.13.11-gke.11",
              "1.13.11-gke.9",
              "1.13.11-gke.5",
              "1.13.10-gke.7",
              "1.13.10-gke.0",
              "1.13.9-gke.11",
              "1.13.9-gke.3",
              "1.13.7-gke.24",
              "1.13.7-gke.19",
              "1.13.7-gke.15",
              "1.13.7-gke.8",
              "1.13.7-gke.0",
              "1.13.6-gke.13",
              "1.13.6-gke.6",
              "1.13.6-gke.5",
              "1.13.6-gke.0",
              "1.13.5-gke.10",
              "1.12.10-gke.22",
              "1.12.10-gke.20",
              "1.12.10-gke.19",
              "1.12.10-gke.18",
              "1.12.10-gke.17",
              "1.12.10-gke.15",
              "1.12.10-gke.13",
              "1.12.10-gke.11",
              "1.12.10-gke.5",
              "1.12.9-gke.16",
              "1.12.9-gke.15",
              "1.12.9-gke.13",
              "1.12.9-gke.10",
              "1.12.9-gke.7",
              "1.12.9-gke.3",
              "1.12.8-gke.12",
              "1.12.8-gke.10",
              "1.12.8-gke.7",
              "1.12.8-gke.6",
              "1.12.7-gke.26",
              "1.12.7-gke.25",
              "1.12.7-gke.24",
              "1.12.7-gke.22",
              "1.12.7-gke.21",
              "1.12.7-gke.17",
              "1.12.7-gke.10",
              "1.12.7-gke.7",
              "1.12.6-gke.11",
              "1.12.6-gke.10",
              "1.12.6-gke.7",
              "1.12.5-gke.10",
              "1.12.5-gke.5",
              "1.11.10-gke.6",
              "1.11.10-gke.5"
            ],
            "version_prefix": null
          },
          "sensitive_attributes": []
        }
      ]
    },
    {
      "module": "module.gke",
      "mode": "managed",
      "type": "google_container_cluster",
      "name": "primary",
      "provider": "provider[\"registry.terraform.io/hashicorp/google\"]",
      "instances": [
        {
          "schema_version": 1,
          "attributes": {
            "addons_config": [
              {
                "cloudrun_config": [],
                "gcp_filestore_csi_driver_config": [
                  {
                    "enabled": false
                  }
                ],
                "horizontal_pod_autoscaling": [
                  {
                    "disabled": false
                  }
                ],
                "http_load_balancing": [
                  {
                    "disabled": false
                  }
                ],
                "network_policy_config": [
                  {
                    "disabled": true
                  }
                ]
              }
            ],
            "authenticator_groups_config": [],
            "cluster_autoscaling": [
              {
                "auto_provisioning_defaults": [],
                "enabled": false,
                "resource_limits": []
              }
            ],
            "cluster_ipv4_cidr": "10.3.0.0/16",
            "confidential_nodes": [],
            "database_encryption": [
              {
                "key_name": "",
                "state": "DECRYPTED"
              }
            ],
            "datapath_provider": "",
            "default_max_pods_per_node": 110,
            "default_snat_status": [
              {
                "disabled": false
              }
            ],
            "description": "",
            "dns_config": [],
            "enable_autopilot": false,
            "enable_binary_authorization": false,
            "enable_intranode_visibility": false,
            "enable_kubernetes_alpha": false,
            "enable_legacy_abac": false,
            "enable_shielded_nodes": true,
            "enable_tpu": false,
            "endpoint": "35.226.234.218",
            "id": "projects/lustrous-camera-352403/locations/us-central1/clusters/gitlab",
            "initial_node_count": 0,
            "ip_allocation_policy": [
              {
                "cluster_ipv4_cidr_block": "10.3.0.0/16",
                "cluster_secondary_range_name": "gitlab-cluster-pod-cidr",
                "services_ipv4_cidr_block": "10.2.0.0/16",
                "services_secondary_range_name": "gitlab-cluster-service-cidr"
              }
            ],
            "label_fingerprint": "a9dc16a7",
            "location": "us-central1",
            "logging_config": [
              {
                "enable_components": [
                  "SYSTEM_COMPONENTS",
                  "WORKLOADS"
                ]
              }
            ],
            "logging_service": "logging.googleapis.com/kubernetes",
            "maintenance_policy": [
              {
                "daily_maintenance_window": [
                  {
                    "duration": "PT4H0M0S",
                    "start_time": "05:00"
                  }
                ],
                "maintenance_exclusion": [],
                "recurring_window": []
              }
            ],
            "master_auth": [
              {
                "client_certificate": "LS0tLS1CRUdJTiBDRVJUSUZJQ0FURS0tLS0tCk1JSURvVENDQWdtZ0F3SUJBZ0lSQU5qMHJkRVFtSVdPNVV2NE52dklCNVl3RFFZSktvWklodmNOQVFFTEJRQXcKTHpFdE1Dc0dBMVVFQXhNa09USXdNak0zTkdFdE1HRTFNUzAwTXpRNExUaGpaR1V0TlRreVpHVTNOakZrT1dWbApNQjRYRFRJeU1EWXpNREE0TWpFeU1sb1hEVEkzTURZeU9UQTRNak15TWxvd0VURVBNQTBHQTFVRUF4TUdZMnhwClpXNTBNSUlCSWpBTkJna3Foa2lHOXcwQkFRRUZBQU9DQVE4QU1JSUJDZ0tDQVFFQWlOZCsyem9lYjlIdHFpRVUKVFU0RURobktDTFdHb1o0M0ZzRVpuQlZ5OTd1aXI0ZEh2ckZEVURqQWdKemF2dlkxcjZLUldQY1kxdm9JckI4WAphdzRoYzlJaUoySXd0dm5mOHJ0NmtYMHQzcnVtNDZWam9VRVJObEZIS3JMVHN3VCtvTnNkd3ZWWVUxMkZ3MnArClBUbGlMY1VnOVFacVdvVmtTbTZhTDAxMFNlM2tNMUhCZzlqVlExQzQzdnQ0Nm1NdXV4dnB4SHRtZlB0VkxkbjMKYzRSUUZlbDVSOGJkcDVNRFkvZkdzY3JvcWhLcHhZWTZBc0I0M2t4d09YUnEvZUpFaFAvdXh3SXg0TDhFbTlVRwpmUm9Ud3ZQK0c3R25ITDZGUGY3Z0hHYXcxdmRlZ2NtNklXMWpVbUxpQ3RVdkJNYUJvRXRWbEhnYkFHYUNEb2h3CkkweXZUUUlEQVFBQm8xWXdWREFPQmdOVkhROEJBZjhFQkFNQ0JhQXdFd1lEVlIwbEJBd3dDZ1lJS3dZQkJRVUgKQXdJd0RBWURWUjBUQVFIL0JBSXdBREFmQmdOVkhTTUVHREFXZ0JUMnJGaDFhQjlBWDg1eHl6dDUxT1ZVeEh2bgp5ekFOQmdrcWhraUc5dzBCQVFzRkFBT0NBWUVBQkYzbkk3UEdWalJLMmZ2UExzMGc3UmVZdGNyVlpiMWhJcm5kCi9XWnhNSkxEOFZxcS8yQXVNZ1YyUmo4L0V5MGxFaGtkdFduWTFIdFlQWVZ6T2NhR05FREtycDRvc1RyWkQwaEIKREZhRCtxaENXemZBb1doaGxONUhJaW8xY00xb3JHMzlRc091TURCQnpSOGFldWdFdzFVS1o5cDBOYmhWUXhIbAowWDJ6TnVhTnpCZ1FFNEY0eFZrRTd5SUJKcVEzZkYzMzVxUjFJeWtmQlUrakZIaVVoVkJzSXhZT1NaSVQrMWtMCnhqOGgwaXNGUHNic2JXdksvajF6bVg0RHlDSG0rcG5wemZ2SjlLWHgzNkJ1UWNYZytQUzlodVJ2cWlGUGg5NkoKZWU0ekcyODNyTld4K3FocjNKckVaalUzb3UvbWVsRWh6MkJhNTRDc3hLcmRYdExpQk8xSHpkQ2tjd3F4aHRWcgpuUFVrVnh0TTlsdGdYdmdSL3VPSlRxWTRDNWdmb0RqcmM2Zno0eGdBbEg0R1NBOEgrdXJsUTRVTWorNHY3dnBnClA0V0VCZXFxVHVKWXdpT2VuWjJQVWhxRWZpdEFSVVNWZm9idDB4Rml4NW9BazlISWViaVV5TW0xcXUzRFljVHkKTVZ2ZHZwSlNIR2hTclFoUzdWY0xtN09pS3lrWgotLS0tLUVORCBDRVJUSUZJQ0FURS0tLS0tCg==",
                "client_certificate_config": [
                  {
                    "issue_client_certificate": true
                  }
                ],
                "client_key": "LS0tLS1CRUdJTiBSU0EgUFJJVkFURSBLRVktLS0tLQpNSUlFcEFJQkFBS0NBUUVBaU5kKzJ6b2ViOUh0cWlFVVRVNEVEaG5LQ0xXR29aNDNGc0VabkJWeTk3dWlyNGRICnZyRkRVRGpBZ0p6YXZ2WTFyNktSV1BjWTF2b0lyQjhYYXc0aGM5SWlKMkl3dHZuZjhydDZrWDB0M3J1bTQ2VmoKb1VFUk5sRkhLckxUc3dUK29Oc2R3dlZZVTEyRncycCtQVGxpTGNVZzlRWnFXb1ZrU202YUwwMTBTZTNrTTFIQgpnOWpWUTFDNDN2dDQ2bU11dXh2cHhIdG1mUHRWTGRuM2M0UlFGZWw1UjhiZHA1TURZL2ZHc2Nyb3FoS3B4WVk2CkFzQjQza3h3T1hScS9lSkVoUC91eHdJeDRMOEVtOVVHZlJvVHd2UCtHN0duSEw2RlBmN2dIR2F3MXZkZWdjbTYKSVcxalVtTGlDdFV2Qk1hQm9FdFZsSGdiQUdhQ0RvaHdJMHl2VFFJREFRQUJBb0lCQUFUaVN1RlZSejZGSlZQVApMYmZFenhyeEljcXZlNEJJU2ZkYWZPS09TZ1hQbDR4bkk4cUpmOHlXVkZtL2twNFhGV2drTkpPRnZjZ3ExM2gvCk1DN3VoVlE3S24xbERlbFpJQWxSOENoTzNPU3lwaWxhaFZmV3hibUxPQytzNVkwVTRvRUlVcDBuOUQyRkQ3ekYKejh1NWdRaVkzUUJRSy9SRm9RUmVka3RwTkc2UXpSeGlYYVQ3UGFlSDhqSlF1SzZUb3dELzJJREFXWlRjeXdUNQpYZnU2WTFWTXNvMHBJNVRieG1CV01OcndlUWUreW1SQzdZeHhGbkEyaUZ1OUxwSnRPUk94Mm81VHVGNTlmNnlHCi9HR3NvUStvR2kyNFFVRWI0b3NYYkQ1cUlwRGJnSE5ldlVhSTY2Wmd0MTNCaE5WRzVROVZlTXI1ckNHZXZIM3EKU2lTbjBwRUNnWUVBd1JSN2lWYTJWSjh1bURnYUF4Um1GU084UG5jMnN5clhRTlR1a1lOZG93Uis3amZMdUxOawppQUc5OWVlN1VGY3NxVURZYlVURzlNRVZrakRYL0hpVzRNMy9yaVhGMS8ybFprQWNxOEQ3MEd6NW1pc1NNNFczCklHb2VRUVllS3lIM1hIeEkrdnhDbnFiWHV4V0U0MDZjZjZCZmp4clIrcUFuSDBWaFE4dEd4cDBDZ1lFQXRXOWsKUndNVTZwTy95WVBjaDdFMmRSUXZwajdvb1hyVEtaYkdSSTFVYnlxcGZFN2xyczB3MEpqaG9WZFI2cys0TUhZQQpBbGRYMHBDbWZUV3haK2RhY3V1aXdLYXRoanBqQzJGVmFnWDZEZXF2d3J2N0oyQW93NFIrank0d1N3WFlrVzZPClRybVUrZmgxNWYwVW11S29CL0NCNitsYjQyL3JHYUJXVE1CWjFIRUNnWUFTZ0d2MkZTRVRxczFFT053RlA0Y28KcjJ2eWNHb0ZjUzEvUU9nN2VXTVhvKzZsMVNMb2FBaFNJQmliMzhETFNnODFpTWswYjByQldWOC95djVuYXdiSwpNL00wTk5wb2dCM0JWcE5vd2UxZlk1SG5mQWthZHMyOWhXMnd2VzFXcE1LWFVqR01HM0FtMDhZSVgxK0VpSnZtCmZ1K3BQdUN3SzNpVVBvbTdmVmNpNFFLQmdRQ1ZyRDdkRmYyN1JnZUJCZlozT2duaXE3UmpRS0pJRkRyK3BCTUwKbWt0OUtZU0h0ODVpVllOZmtiOFFpaWhadk9JRm1GS0ptK1FuSUkwMzNZTnNZNzZKN3psa0ZCd3lEeGlGMnRYTAprUUtuV0dPR0VlMHVublVDVmRyUjR4aVR5MDdOS3BiYSt0MmJHUXlwbmczUmVBbUdBeklxbTJmaVNBRjZNbnIrCjllOGxBUUtCZ1FDRmsvOGl5dzZjMFFRbkVRbi9QSkxJZGQwUCtUb0NHekgvSGlyME5xdzhVY3M2MXdMaVVnVFkKSHdldC9KTmZmTEtESTRRaDFnMEV1T1JNZ2EveHdtS00rS05OMFVBY2xscHBmU2x6SXd6R2huSUNjNzFIYVhIUgpqUExSVVY2UjJMTXc4a3ZLV0tPd0ZRc21qSE1xR1J1YmNaWWMxL1VCL3Nubi9lYTJEMDZoUlE9PQotLS0tLUVORCBSU0EgUFJJVkFURSBLRVktLS0tLQo=",
                "cluster_ca_certificate": "LS0tLS1CRUdJTiBDRVJUSUZJQ0FURS0tLS0tCk1JSUVMRENDQXBTZ0F3SUJBZ0lRY0o0ZnJvYjR3N1orcy9VRHZBZ0xXakFOQmdrcWhraUc5dzBCQVFzRkFEQXYKTVMwd0t3WURWUVFERXlRNU1qQXlNemMwWVMwd1lUVXhMVFF6TkRndE9HTmtaUzAxT1RKa1pUYzJNV1E1WldVdwpJQmNOTWpJd05qTXdNRGN5TXpJeVdoZ1BNakExTWpBMk1qSXdPREl6TWpKYU1DOHhMVEFyQmdOVkJBTVRKRGt5Ck1ESXpOelJoTFRCaE5URXRORE0wT0MwNFkyUmxMVFU1TW1SbE56WXhaRGxsWlRDQ0FhSXdEUVlKS29aSWh2Y04KQVFFQkJRQURnZ0dQQURDQ0FZb0NnZ0dCQUtzbnVSNXVCQXl3R1NlUUQ1MEZwSXNGTjR6SUo4WGJZZXlSWTBTTQpsZFJDMW5mTkFzR1VsYUZVOFViRGp4M0xKQXRJVGZhQjBJSzRDbFB5bWZMNDlYTWRWckNJSG5ucDArNVB3ejN0CmtLUkdXdXJwSkhDeTh4VUZnR1pYZzNzdG41N2FPNGZQcDNVTk1oK0F6Z042ZGttU3F6bzhmRytJRSsyL0FGdEYKM0NndC9lVXExem04OEFUMWtzQlRGTm5hK2RVbHkwYmQxeW1POWxwa1hybUhNYks5YkVxM2t3akVidGd4akVRcworcjRQTk1pUGM4cUs5MmpGWTNTajdWeElUMnNvR0x4UkFxQzlHbUpGeWxERW8vVmZvVS95SUZzL1Zic2h4Uko2CnFkWlZSd3FneWlDZlRIU1pWamZWckZMUGhmR283UllFaGZNeVF0Wk91Rmt5N056b1lJRG12MDhHR2tkOHQvdDYKekRqVmRTaXlzY25JNmdVRitVakkxekhPcU42Rk5qYVJCWkh1cmxUcks1ZlB0RS9ReFhjK3FiNGk2c0VOM2xwcworYTJkUmhyRm1zSTdzM3VmeEMzOXBEbXlNeS9wQkJkWHhnMVBnWVZDUVJGT2p5QXBUUWtFRmx4UmpOclJ5ZjNGCkVnZE91alhiMURMamVWMml4bHIwV09JWHZ3SURBUUFCbzBJd1FEQU9CZ05WSFE4QkFmOEVCQU1DQWdRd0R3WUQKVlIwVEFRSC9CQVV3QXdFQi96QWRCZ05WSFE0RUZnUVU5cXhZZFdnZlFGL09jY3M3ZWRUbFZNUjc1OHN3RFFZSgpLb1pJaHZjTkFRRUxCUUFEZ2dHQkFFYTFnSWNlRjJPMm9seGlpV2crY0I0R0JneVlwU0V3emRpcm9NS09BZnpnCk55b2xWL3U5Qk1UWFlwRUpaWExZSFBud0Yxc3FFRWI5RmtQMzhjcVZNVFZ0aWdhdHAyM1gzbHdwdzg0UkNJaHoKSmpZemJKT3R1RTRMczNhNi9hUm05amxEVXM2R2taMldvYThRekZyWGVOdDBsZmpCNUhYSGMwNDQxd1dzWWVMegp5UzgxTXNWZnB4K1l6QytNU0pzN3ZpSFRad2VqTHNsVXpTRXh1bEV3NUp5WW5PYnRSeHlYSDk5L1M4VEZsODVBCmY2OHRLNEZoU1V2b3p6U05QRzA2bTRqOGRIWVp1Zmc3NFB4U09QbGxLcW1RYSs3a1BFOWdobER5YlJxTFdEL0MKdVprVFNnUE1Xbkt2NjZDb1RKc2V2dEk2bExHS3lUWVpZQlpwRzU2SWtMdVZUTS9YaUtqVEtCR1g2VjNVQU95VwpTZ0l0YWQ2L1hOYkllaDV1ZEVZeGVXeXI2QUZhdjZ3Qnk5QXFwaTNOTTdBbmJObmQ2dnJFVDM3RDBDeE9vNEZiCk1pNmh1cTRhMzJvWksvVGxJZlNYSnEzcXhZZzg2T3UxRU4yWjkya0JhQXpkb1g5MW1hT2hxRnd3OVdRNEF0Q2UKamdlSkkyVHJWN3RxRFFRYlk5QkQxZz09Ci0tLS0tRU5EIENFUlRJRklDQVRFLS0tLS0K"
              }
            ],
            "master_authorized_networks_config": [],
            "master_version": "1.20.15-gke.9900",
            "min_master_version": "1.20",
            "monitoring_config": [
              {
                "enable_components": [
                  "SYSTEM_COMPONENTS"
                ]
              }
            ],
            "monitoring_service": "monitoring.googleapis.com/kubernetes",
            "name": "gitlab",
            "network": "projects/lustrous-camera-352403/global/networks/gitlab",
            "network_policy": [
              {
                "enabled": false,
                "provider": "PROVIDER_UNSPECIFIED"
              }
            ],
            "networking_mode": "VPC_NATIVE",
            "node_config": [
              {
                "boot_disk_kms_key": "",
                "disk_size_gb": 100,
                "disk_type": "pd-standard",
                "gcfs_config": [],
                "guest_accelerator": [],
                "gvnic": [],
                "image_type": "COS_CONTAINERD",
                "labels": {
                  "cluster_name": "gitlab",
                  "node_pool": "gitlab"
                },
                "local_ssd_count": 0,
                "machine_type": "n1-standard-4",
                "metadata": {
                  "cluster_name": "gitlab",
                  "disable-legacy-endpoints": "true",
                  "node_pool": "gitlab"
                },
                "min_cpu_platform": "",
                "node_group": "",
                "oauth_scopes": [
                  "https://www.googleapis.com/auth/cloud-platform"
                ],
                "preemptible": false,
                "service_account": "tf-gke-gitlab-h8at@lustrous-camera-352403.iam.gserviceaccount.com",
                "shielded_instance_config": [
                  {
                    "enable_integrity_monitoring": true,
                    "enable_secure_boot": false
                  }
                ],
                "spot": false,
                "tags": [
                  "gke-gitlab",
                  "gke-gitlab-gitlab"
                ],
                "taint": [],
                "workload_metadata_config": [
                  {
                    "mode": "GKE_METADATA"
                  }
                ]
              }
            ],
            "node_locations": [
              "us-central1-a",
              "us-central1-b",
              "us-central1-c"
            ],
            "node_pool": [
              {
                "autoscaling": [],
                "initial_node_count": 1,
                "instance_group_urls": [
                  "https://www.googleapis.com/compute/v1/projects/lustrous-camera-352403/zones/us-central1-a/instanceGroupManagers/gke-gitlab-gitlab-75f43836-grp",
                  "https://www.googleapis.com/compute/v1/projects/lustrous-camera-352403/zones/us-central1-b/instanceGroupManagers/gke-gitlab-gitlab-9ae803c7-grp",
                  "https://www.googleapis.com/compute/v1/projects/lustrous-camera-352403/zones/us-central1-c/instanceGroupManagers/gke-gitlab-gitlab-1531ab8f-grp"
                ],
                "managed_instance_group_urls": [
                  "https://www.googleapis.com/compute/v1/projects/lustrous-camera-352403/zones/us-central1-a/instanceGroups/gke-gitlab-gitlab-75f43836-grp",
                  "https://www.googleapis.com/compute/v1/projects/lustrous-camera-352403/zones/us-central1-b/instanceGroups/gke-gitlab-gitlab-9ae803c7-grp",
                  "https://www.googleapis.com/compute/v1/projects/lustrous-camera-352403/zones/us-central1-c/instanceGroups/gke-gitlab-gitlab-1531ab8f-grp"
                ],
                "management": [
                  {
                    "auto_repair": true,
                    "auto_upgrade": true
                  }
                ],
                "max_pods_per_node": 110,
                "name": "gitlab",
                "name_prefix": "",
                "node_config": [
                  {
                    "boot_disk_kms_key": "",
                    "disk_size_gb": 100,
                    "disk_type": "pd-standard",
                    "gcfs_config": [],
                    "guest_accelerator": [],
                    "gvnic": [],
                    "image_type": "COS_CONTAINERD",
                    "labels": {
                      "cluster_name": "gitlab",
                      "node_pool": "gitlab"
                    },
                    "local_ssd_count": 0,
                    "machine_type": "n1-standard-4",
                    "metadata": {
                      "cluster_name": "gitlab",
                      "disable-legacy-endpoints": "true",
                      "node_pool": "gitlab"
                    },
                    "min_cpu_platform": "",
                    "node_group": "",
                    "oauth_scopes": [
                      "https://www.googleapis.com/auth/cloud-platform"
                    ],
                    "preemptible": false,
                    "service_account": "tf-gke-gitlab-h8at@lustrous-camera-352403.iam.gserviceaccount.com",
                    "shielded_instance_config": [
                      {
                        "enable_integrity_monitoring": true,
                        "enable_secure_boot": false
                      }
                    ],
                    "spot": false,
                    "tags": [
                      "gke-gitlab",
                      "gke-gitlab-gitlab"
                    ],
                    "taint": [],
                    "workload_metadata_config": [
                      {
                        "mode": "GKE_METADATA"
                      }
                    ]
                  }
                ],
                "node_count": 1,
                "node_locations": [
                  "us-central1-a",
                  "us-central1-b",
                  "us-central1-c"
                ],
                "upgrade_settings": [
                  {
                    "max_surge": 1,
                    "max_unavailable": 0
                  }
                ],
                "version": "1.20.15-gke.9900"
              }
            ],
            "node_version": "1.20.15-gke.9900",
            "operation": null,
            "private_cluster_config": [],
            "private_ipv6_google_access": "",
            "project": "lustrous-camera-352403",
            "release_channel": [
              {
                "channel": "UNSPECIFIED"
              }
            ],
            "remove_default_node_pool": true,
            "resource_labels": {},
            "resource_usage_export_config": [],
            "self_link": "https://container.googleapis.com/v1/projects/lustrous-camera-352403/locations/us-central1/clusters/gitlab",
            "services_ipv4_cidr": "10.2.0.0/16",
            "subnetwork": "projects/lustrous-camera-352403/regions/us-central1/subnetworks/gitlab",
            "timeouts": {
              "create": "45m",
              "delete": "45m",
              "read": null,
              "update": "45m"
            },
            "tpu_ipv4_cidr_block": "",
            "vertical_pod_autoscaling": [
              {
                "enabled": false
              }
            ],
            "workload_identity_config": [
              {
                "workload_pool": "lustrous-camera-352403.svc.id.goog"
              }
            ]
          },
          "sensitive_attributes": [],
          "private": "eyJlMmJmYjczMC1lY2FhLTExZTYtOGY4OC0zNDM2M2JjN2M0YzAiOnsiY3JlYXRlIjoyNzAwMDAwMDAwMDAwLCJkZWxldGUiOjI3MDAwMDAwMDAwMDAsInJlYWQiOjI0MDAwMDAwMDAwMDAsInVwZGF0ZSI6MjcwMDAwMDAwMDAwMH0sInNjaGVtYV92ZXJzaW9uIjoiMSJ9",
          "dependencies": [
            "data.google_compute_network.lab",
            "data.google_compute_subnetwork.subnet",
            "module.gke.data.google_compute_zones.available",
            "module.gke.data.google_container_engine_versions.region",
            "module.gke.data.google_container_engine_versions.zone",
            "module.gke.google_service_account.cluster_service_account",
            "module.gke.random_shuffle.available_zones",
            "module.gke.random_string.cluster_service_account_suffix"
          ]
        }
      ]
    },
    {
      "module": "module.gke",
      "mode": "managed",
      "type": "google_container_node_pool",
      "name": "pools",
      "provider": "provider[\"registry.terraform.io/hashicorp/google\"]",
      "instances": [
        {
          "index_key": "gitlab",
          "schema_version": 1,
          "attributes": {
            "autoscaling": [],
            "cluster": "gitlab",
            "id": "projects/lustrous-camera-352403/locations/us-central1/clusters/gitlab/nodePools/gitlab",
            "initial_node_count": 1,
            "instance_group_urls": [
              "https://www.googleapis.com/compute/v1/projects/lustrous-camera-352403/zones/us-central1-a/instanceGroupManagers/gke-gitlab-gitlab-75f43836-grp",
              "https://www.googleapis.com/compute/v1/projects/lustrous-camera-352403/zones/us-central1-b/instanceGroupManagers/gke-gitlab-gitlab-9ae803c7-grp",
              "https://www.googleapis.com/compute/v1/projects/lustrous-camera-352403/zones/us-central1-c/instanceGroupManagers/gke-gitlab-gitlab-1531ab8f-grp"
            ],
            "location": "us-central1",
            "managed_instance_group_urls": [
              "https://www.googleapis.com/compute/v1/projects/lustrous-camera-352403/zones/us-central1-a/instanceGroups/gke-gitlab-gitlab-75f43836-grp",
              "https://www.googleapis.com/compute/v1/projects/lustrous-camera-352403/zones/us-central1-b/instanceGroups/gke-gitlab-gitlab-9ae803c7-grp",
              "https://www.googleapis.com/compute/v1/projects/lustrous-camera-352403/zones/us-central1-c/instanceGroups/gke-gitlab-gitlab-1531ab8f-grp"
            ],
            "management": [
              {
                "auto_repair": true,
                "auto_upgrade": true
              }
            ],
            "max_pods_per_node": 110,
            "name": "gitlab",
            "name_prefix": "",
            "node_config": [
              {
                "boot_disk_kms_key": "",
                "disk_size_gb": 100,
                "disk_type": "pd-standard",
                "gcfs_config": [],
                "guest_accelerator": [],
                "gvnic": [],
                "image_type": "COS_CONTAINERD",
                "labels": {
                  "cluster_name": "gitlab",
                  "node_pool": "gitlab"
                },
                "local_ssd_count": 0,
                "machine_type": "n1-standard-4",
                "metadata": {
                  "cluster_name": "gitlab",
                  "disable-legacy-endpoints": "true",
                  "node_pool": "gitlab"
                },
                "min_cpu_platform": "",
                "node_group": "",
                "oauth_scopes": [
                  "https://www.googleapis.com/auth/cloud-platform"
                ],
                "preemptible": false,
                "service_account": "tf-gke-gitlab-h8at@lustrous-camera-352403.iam.gserviceaccount.com",
                "shielded_instance_config": [
                  {
                    "enable_integrity_monitoring": true,
                    "enable_secure_boot": false
                  }
                ],
                "spot": false,
                "tags": [
                  "gke-gitlab",
                  "gke-gitlab-gitlab"
                ],
                "taint": [],
                "workload_metadata_config": [
                  {
                    "mode": "GKE_METADATA"
                  }
                ]
              }
            ],
            "node_count": 1,
            "node_locations": [
              "us-central1-a",
              "us-central1-b",
              "us-central1-c"
            ],
            "operation": null,
            "project": "lustrous-camera-352403",
            "timeouts": {
              "create": "45m",
              "delete": "45m",
              "update": "45m"
            },
            "upgrade_settings": [
              {
                "max_surge": 1,
                "max_unavailable": 0
              }
            ],
            "version": "1.20.15-gke.9900"
          },
          "sensitive_attributes": [],
          "private": "eyJlMmJmYjczMC1lY2FhLTExZTYtOGY4OC0zNDM2M2JjN2M0YzAiOnsiY3JlYXRlIjoyNzAwMDAwMDAwMDAwLCJkZWxldGUiOjI3MDAwMDAwMDAwMDAsInVwZGF0ZSI6MjcwMDAwMDAwMDAwMH0sInNjaGVtYV92ZXJzaW9uIjoiMSJ9",
          "dependencies": [
            "data.google_compute_network.lab",
            "data.google_compute_subnetwork.subnet",
            "module.gke.data.google_compute_zones.available",
            "module.gke.data.google_container_engine_versions.region",
            "module.gke.data.google_container_engine_versions.zone",
            "module.gke.google_container_cluster.primary",
            "module.gke.google_service_account.cluster_service_account",
            "module.gke.random_shuffle.available_zones",
            "module.gke.random_string.cluster_service_account_suffix"
          ]
        }
      ]
    },
    {
      "module": "module.gke",
      "mode": "managed",
      "type": "google_project_iam_member",
      "name": "cluster_service_account-log_writer",
      "provider": "provider[\"registry.terraform.io/hashicorp/google\"]",
      "instances": [
        {
          "index_key": 0,
          "schema_version": 0,
          "attributes": {
            "condition": [],
            "etag": "BwXipf2C6+4=",
            "id": "lustrous-camera-352403/roles/logging.logWriter/serviceAccount:tf-gke-gitlab-h8at@lustrous-camera-352403.iam.gserviceaccount.com",
            "member": "serviceAccount:tf-gke-gitlab-h8at@lustrous-camera-352403.iam.gserviceaccount.com",
            "project": "lustrous-camera-352403",
            "role": "roles/logging.logWriter"
          },
          "sensitive_attributes": [],
          "private": "bnVsbA==",
          "dependencies": [
            "module.gke.google_service_account.cluster_service_account",
            "module.gke.random_string.cluster_service_account_suffix"
          ]
        }
      ]
    },
    {
      "module": "module.gke",
      "mode": "managed",
      "type": "google_project_iam_member",
      "name": "cluster_service_account-metric_writer",
      "provider": "provider[\"registry.terraform.io/hashicorp/google\"]",
      "instances": [
        {
          "index_key": 0,
          "schema_version": 0,
          "attributes": {
            "condition": [],
            "etag": "BwXipf2C6+4=",
            "id": "lustrous-camera-352403/roles/monitoring.metricWriter/serviceAccount:tf-gke-gitlab-h8at@lustrous-camera-352403.iam.gserviceaccount.com",
            "member": "serviceAccount:tf-gke-gitlab-h8at@lustrous-camera-352403.iam.gserviceaccount.com",
            "project": "lustrous-camera-352403",
            "role": "roles/monitoring.metricWriter"
          },
          "sensitive_attributes": [],
          "private": "bnVsbA==",
          "dependencies": [
            "module.gke.google_project_iam_member.cluster_service_account-log_writer",
            "module.gke.google_service_account.cluster_service_account",
            "module.gke.random_string.cluster_service_account_suffix"
          ]
        }
      ]
    },
    {
      "module": "module.gke",
      "mode": "managed",
      "type": "google_project_iam_member",
      "name": "cluster_service_account-monitoring_viewer",
      "provider": "provider[\"registry.terraform.io/hashicorp/google\"]",
      "instances": [
        {
          "index_key": 0,
          "schema_version": 0,
          "attributes": {
            "condition": [],
            "etag": "BwXipf2C6+4=",
            "id": "lustrous-camera-352403/roles/monitoring.viewer/serviceAccount:tf-gke-gitlab-h8at@lustrous-camera-352403.iam.gserviceaccount.com",
            "member": "serviceAccount:tf-gke-gitlab-h8at@lustrous-camera-352403.iam.gserviceaccount.com",
            "project": "lustrous-camera-352403",
            "role": "roles/monitoring.viewer"
          },
          "sensitive_attributes": [],
          "private": "bnVsbA==",
          "dependencies": [
            "module.gke.google_project_iam_member.cluster_service_account-log_writer",
            "module.gke.google_project_iam_member.cluster_service_account-metric_writer",
            "module.gke.google_service_account.cluster_service_account",
            "module.gke.random_string.cluster_service_account_suffix"
          ]
        }
      ]
    },
    {
      "module": "module.gke",
      "mode": "managed",
      "type": "google_project_iam_member",
      "name": "cluster_service_account-resourceMetadata-writer",
      "provider": "provider[\"registry.terraform.io/hashicorp/google\"]",
      "instances": [
        {
          "index_key": 0,
          "schema_version": 0,
          "attributes": {
            "condition": [],
            "etag": "BwXipf2C6+4=",
            "id": "lustrous-camera-352403/roles/stackdriver.resourceMetadata.writer/serviceAccount:tf-gke-gitlab-h8at@lustrous-camera-352403.iam.gserviceaccount.com",
            "member": "serviceAccount:tf-gke-gitlab-h8at@lustrous-camera-352403.iam.gserviceaccount.com",
            "project": "lustrous-camera-352403",
            "role": "roles/stackdriver.resourceMetadata.writer"
          },
          "sensitive_attributes": [],
          "private": "bnVsbA==",
          "dependencies": [
            "module.gke.google_project_iam_member.cluster_service_account-log_writer",
            "module.gke.google_project_iam_member.cluster_service_account-metric_writer",
            "module.gke.google_project_iam_member.cluster_service_account-monitoring_viewer",
            "module.gke.google_service_account.cluster_service_account",
            "module.gke.random_string.cluster_service_account_suffix"
          ]
        }
      ]
    },
    {
      "module": "module.gke",
      "mode": "managed",
      "type": "google_service_account",
      "name": "cluster_service_account",
      "provider": "provider[\"registry.terraform.io/hashicorp/google\"]",
      "instances": [
        {
          "index_key": 0,
          "schema_version": 0,
          "attributes": {
            "account_id": "tf-gke-gitlab-h8at",
            "description": "",
            "disabled": false,
            "display_name": "Terraform-managed service account for cluster gitlab",
            "email": "tf-gke-gitlab-h8at@lustrous-camera-352403.iam.gserviceaccount.com",
            "id": "projects/lustrous-camera-352403/serviceAccounts/tf-gke-gitlab-h8at@lustrous-camera-352403.iam.gserviceaccount.com",
            "name": "projects/lustrous-camera-352403/serviceAccounts/tf-gke-gitlab-h8at@lustrous-camera-352403.iam.gserviceaccount.com",
            "project": "lustrous-camera-352403",
            "timeouts": null,
            "unique_id": "115265360089393116251"
          },
          "sensitive_attributes": [],
          "private": "eyJlMmJmYjczMC1lY2FhLTExZTYtOGY4OC0zNDM2M2JjN2M0YzAiOnsiY3JlYXRlIjozMDAwMDAwMDAwMDB9fQ==",
          "dependencies": [
            "module.gke.random_string.cluster_service_account_suffix"
          ]
        }
      ]
    },
    {
      "module": "module.gke",
      "mode": "managed",
      "type": "random_shuffle",
      "name": "available_zones",
      "provider": "provider[\"registry.terraform.io/hashicorp/random\"]",
      "instances": [
        {
          "schema_version": 0,
          "attributes": {
            "id": "-",
            "input": [
              "us-central1-a",
              "us-central1-b",
              "us-central1-c",
              "us-central1-f"
            ],
            "keepers": null,
            "result": [
              "us-central1-a",
              "us-central1-b",
              "us-central1-c"
            ],
            "result_count": 3,
            "seed": null
          },
          "sensitive_attributes": [],
          "private": "bnVsbA==",
          "dependencies": [
            "module.gke.data.google_compute_zones.available"
          ]
        }
      ]
    },
    {
      "module": "module.gke",
      "mode": "managed",
      "type": "random_string",
      "name": "cluster_service_account_suffix",
      "provider": "provider[\"registry.terraform.io/hashicorp/random\"]",
      "instances": [
        {
          "schema_version": 2,
          "attributes": {
            "id": "h8at",
            "keepers": null,
            "length": 4,
            "lower": true,
            "min_lower": 0,
            "min_numeric": 0,
            "min_special": 0,
            "min_upper": 0,
            "number": true,
            "numeric": true,
            "override_special": null,
            "result": "h8at",
            "special": false,
            "upper": false
          },
          "sensitive_attributes": [],
          "private": "eyJzY2hlbWFfdmVyc2lvbiI6IjIifQ=="
        }
      ]
    },
    {
      "module": "module.gke_auth",
      "mode": "data",
      "type": "google_client_config",
      "name": "provider",
      "provider": "provider[\"registry.terraform.io/hashicorp/google\"]",
      "instances": [
        {
          "schema_version": 0,
          "attributes": {
            "access_token": "ya29.a0ARrdaM_QsDkrkqfCEKNalvePCFqA3LLiGrIOXz6cHn34Yg2r2sQi_-7T0oTpsxCNIzo7kc_rF-LVdEM9u0ypjSyhEKIYlNpUzdWArSGhh0d3HBWTqYFZ0O7mS5faniMnyv0nXgzwmH8VTgD-ge5S3STHemdNxYpBmZOM_w",
            "id": "projects//regions//zones/",
            "project": "",
            "region": "",
            "zone": ""
          },
          "sensitive_attributes": []
        }
      ]
    },
    {
      "module": "module.gke_auth",
      "mode": "data",
      "type": "google_container_cluster",
      "name": "gke_cluster",
      "provider": "provider[\"registry.terraform.io/hashicorp/google\"]",
      "instances": [
        {
          "schema_version": 0,
          "attributes": {
            "addons_config": [
              {
                "cloudrun_config": [],
                "gcp_filestore_csi_driver_config": [
                  {
                    "enabled": false
                  }
                ],
                "horizontal_pod_autoscaling": [
                  {
                    "disabled": false
                  }
                ],
                "http_load_balancing": [
                  {
                    "disabled": false
                  }
                ],
                "network_policy_config": [
                  {
                    "disabled": true
                  }
                ]
              }
            ],
            "authenticator_groups_config": [],
            "cluster_autoscaling": [
              {
                "auto_provisioning_defaults": [],
                "enabled": false,
                "resource_limits": []
              }
            ],
            "cluster_ipv4_cidr": "10.3.0.0/16",
            "confidential_nodes": [],
            "database_encryption": [
              {
                "key_name": "",
                "state": "DECRYPTED"
              }
            ],
            "datapath_provider": "",
            "default_max_pods_per_node": 110,
            "default_snat_status": [
              {
                "disabled": false
              }
            ],
            "description": "",
            "dns_config": [],
            "enable_autopilot": false,
            "enable_binary_authorization": false,
            "enable_intranode_visibility": false,
            "enable_kubernetes_alpha": false,
            "enable_legacy_abac": false,
            "enable_shielded_nodes": true,
            "enable_tpu": false,
            "endpoint": "35.226.234.218",
            "id": "projects/lustrous-camera-352403/locations/us-central1/clusters/gitlab",
            "initial_node_count": 0,
            "ip_allocation_policy": [
              {
                "cluster_ipv4_cidr_block": "10.3.0.0/16",
                "cluster_secondary_range_name": "gitlab-cluster-pod-cidr",
                "services_ipv4_cidr_block": "10.2.0.0/16",
                "services_secondary_range_name": "gitlab-cluster-service-cidr"
              }
            ],
            "label_fingerprint": "a9dc16a7",
            "location": "us-central1",
            "logging_config": [
              {
                "enable_components": [
                  "SYSTEM_COMPONENTS",
                  "WORKLOADS"
                ]
              }
            ],
            "logging_service": "logging.googleapis.com/kubernetes",
            "maintenance_policy": [
              {
                "daily_maintenance_window": [
                  {
                    "duration": "PT4H0M0S",
                    "start_time": "05:00"
                  }
                ],
                "maintenance_exclusion": [],
                "recurring_window": []
              }
            ],
            "master_auth": [
              {
                "client_certificate": "LS0tLS1CRUdJTiBDRVJUSUZJQ0FURS0tLS0tCk1JSURvVENDQWdtZ0F3SUJBZ0lSQU5qMHJkRVFtSVdPNVV2NE52dklCNVl3RFFZSktvWklodmNOQVFFTEJRQXcKTHpFdE1Dc0dBMVVFQXhNa09USXdNak0zTkdFdE1HRTFNUzAwTXpRNExUaGpaR1V0TlRreVpHVTNOakZrT1dWbApNQjRYRFRJeU1EWXpNREE0TWpFeU1sb1hEVEkzTURZeU9UQTRNak15TWxvd0VURVBNQTBHQTFVRUF4TUdZMnhwClpXNTBNSUlCSWpBTkJna3Foa2lHOXcwQkFRRUZBQU9DQVE4QU1JSUJDZ0tDQVFFQWlOZCsyem9lYjlIdHFpRVUKVFU0RURobktDTFdHb1o0M0ZzRVpuQlZ5OTd1aXI0ZEh2ckZEVURqQWdKemF2dlkxcjZLUldQY1kxdm9JckI4WAphdzRoYzlJaUoySXd0dm5mOHJ0NmtYMHQzcnVtNDZWam9VRVJObEZIS3JMVHN3VCtvTnNkd3ZWWVUxMkZ3MnArClBUbGlMY1VnOVFacVdvVmtTbTZhTDAxMFNlM2tNMUhCZzlqVlExQzQzdnQ0Nm1NdXV4dnB4SHRtZlB0VkxkbjMKYzRSUUZlbDVSOGJkcDVNRFkvZkdzY3JvcWhLcHhZWTZBc0I0M2t4d09YUnEvZUpFaFAvdXh3SXg0TDhFbTlVRwpmUm9Ud3ZQK0c3R25ITDZGUGY3Z0hHYXcxdmRlZ2NtNklXMWpVbUxpQ3RVdkJNYUJvRXRWbEhnYkFHYUNEb2h3CkkweXZUUUlEQVFBQm8xWXdWREFPQmdOVkhROEJBZjhFQkFNQ0JhQXdFd1lEVlIwbEJBd3dDZ1lJS3dZQkJRVUgKQXdJd0RBWURWUjBUQVFIL0JBSXdBREFmQmdOVkhTTUVHREFXZ0JUMnJGaDFhQjlBWDg1eHl6dDUxT1ZVeEh2bgp5ekFOQmdrcWhraUc5dzBCQVFzRkFBT0NBWUVBQkYzbkk3UEdWalJLMmZ2UExzMGc3UmVZdGNyVlpiMWhJcm5kCi9XWnhNSkxEOFZxcS8yQXVNZ1YyUmo4L0V5MGxFaGtkdFduWTFIdFlQWVZ6T2NhR05FREtycDRvc1RyWkQwaEIKREZhRCtxaENXemZBb1doaGxONUhJaW8xY00xb3JHMzlRc091TURCQnpSOGFldWdFdzFVS1o5cDBOYmhWUXhIbAowWDJ6TnVhTnpCZ1FFNEY0eFZrRTd5SUJKcVEzZkYzMzVxUjFJeWtmQlUrakZIaVVoVkJzSXhZT1NaSVQrMWtMCnhqOGgwaXNGUHNic2JXdksvajF6bVg0RHlDSG0rcG5wemZ2SjlLWHgzNkJ1UWNYZytQUzlodVJ2cWlGUGg5NkoKZWU0ekcyODNyTld4K3FocjNKckVaalUzb3UvbWVsRWh6MkJhNTRDc3hLcmRYdExpQk8xSHpkQ2tjd3F4aHRWcgpuUFVrVnh0TTlsdGdYdmdSL3VPSlRxWTRDNWdmb0RqcmM2Zno0eGdBbEg0R1NBOEgrdXJsUTRVTWorNHY3dnBnClA0V0VCZXFxVHVKWXdpT2VuWjJQVWhxRWZpdEFSVVNWZm9idDB4Rml4NW9BazlISWViaVV5TW0xcXUzRFljVHkKTVZ2ZHZwSlNIR2hTclFoUzdWY0xtN09pS3lrWgotLS0tLUVORCBDRVJUSUZJQ0FURS0tLS0tCg==",
                "client_certificate_config": [
                  {
                    "issue_client_certificate": true
                  }
                ],
                "client_key": "LS0tLS1CRUdJTiBSU0EgUFJJVkFURSBLRVktLS0tLQpNSUlFcEFJQkFBS0NBUUVBaU5kKzJ6b2ViOUh0cWlFVVRVNEVEaG5LQ0xXR29aNDNGc0VabkJWeTk3dWlyNGRICnZyRkRVRGpBZ0p6YXZ2WTFyNktSV1BjWTF2b0lyQjhYYXc0aGM5SWlKMkl3dHZuZjhydDZrWDB0M3J1bTQ2VmoKb1VFUk5sRkhLckxUc3dUK29Oc2R3dlZZVTEyRncycCtQVGxpTGNVZzlRWnFXb1ZrU202YUwwMTBTZTNrTTFIQgpnOWpWUTFDNDN2dDQ2bU11dXh2cHhIdG1mUHRWTGRuM2M0UlFGZWw1UjhiZHA1TURZL2ZHc2Nyb3FoS3B4WVk2CkFzQjQza3h3T1hScS9lSkVoUC91eHdJeDRMOEVtOVVHZlJvVHd2UCtHN0duSEw2RlBmN2dIR2F3MXZkZWdjbTYKSVcxalVtTGlDdFV2Qk1hQm9FdFZsSGdiQUdhQ0RvaHdJMHl2VFFJREFRQUJBb0lCQUFUaVN1RlZSejZGSlZQVApMYmZFenhyeEljcXZlNEJJU2ZkYWZPS09TZ1hQbDR4bkk4cUpmOHlXVkZtL2twNFhGV2drTkpPRnZjZ3ExM2gvCk1DN3VoVlE3S24xbERlbFpJQWxSOENoTzNPU3lwaWxhaFZmV3hibUxPQytzNVkwVTRvRUlVcDBuOUQyRkQ3ekYKejh1NWdRaVkzUUJRSy9SRm9RUmVka3RwTkc2UXpSeGlYYVQ3UGFlSDhqSlF1SzZUb3dELzJJREFXWlRjeXdUNQpYZnU2WTFWTXNvMHBJNVRieG1CV01OcndlUWUreW1SQzdZeHhGbkEyaUZ1OUxwSnRPUk94Mm81VHVGNTlmNnlHCi9HR3NvUStvR2kyNFFVRWI0b3NYYkQ1cUlwRGJnSE5ldlVhSTY2Wmd0MTNCaE5WRzVROVZlTXI1ckNHZXZIM3EKU2lTbjBwRUNnWUVBd1JSN2lWYTJWSjh1bURnYUF4Um1GU084UG5jMnN5clhRTlR1a1lOZG93Uis3amZMdUxOawppQUc5OWVlN1VGY3NxVURZYlVURzlNRVZrakRYL0hpVzRNMy9yaVhGMS8ybFprQWNxOEQ3MEd6NW1pc1NNNFczCklHb2VRUVllS3lIM1hIeEkrdnhDbnFiWHV4V0U0MDZjZjZCZmp4clIrcUFuSDBWaFE4dEd4cDBDZ1lFQXRXOWsKUndNVTZwTy95WVBjaDdFMmRSUXZwajdvb1hyVEtaYkdSSTFVYnlxcGZFN2xyczB3MEpqaG9WZFI2cys0TUhZQQpBbGRYMHBDbWZUV3haK2RhY3V1aXdLYXRoanBqQzJGVmFnWDZEZXF2d3J2N0oyQW93NFIrank0d1N3WFlrVzZPClRybVUrZmgxNWYwVW11S29CL0NCNitsYjQyL3JHYUJXVE1CWjFIRUNnWUFTZ0d2MkZTRVRxczFFT053RlA0Y28KcjJ2eWNHb0ZjUzEvUU9nN2VXTVhvKzZsMVNMb2FBaFNJQmliMzhETFNnODFpTWswYjByQldWOC95djVuYXdiSwpNL00wTk5wb2dCM0JWcE5vd2UxZlk1SG5mQWthZHMyOWhXMnd2VzFXcE1LWFVqR01HM0FtMDhZSVgxK0VpSnZtCmZ1K3BQdUN3SzNpVVBvbTdmVmNpNFFLQmdRQ1ZyRDdkRmYyN1JnZUJCZlozT2duaXE3UmpRS0pJRkRyK3BCTUwKbWt0OUtZU0h0ODVpVllOZmtiOFFpaWhadk9JRm1GS0ptK1FuSUkwMzNZTnNZNzZKN3psa0ZCd3lEeGlGMnRYTAprUUtuV0dPR0VlMHVublVDVmRyUjR4aVR5MDdOS3BiYSt0MmJHUXlwbmczUmVBbUdBeklxbTJmaVNBRjZNbnIrCjllOGxBUUtCZ1FDRmsvOGl5dzZjMFFRbkVRbi9QSkxJZGQwUCtUb0NHekgvSGlyME5xdzhVY3M2MXdMaVVnVFkKSHdldC9KTmZmTEtESTRRaDFnMEV1T1JNZ2EveHdtS00rS05OMFVBY2xscHBmU2x6SXd6R2huSUNjNzFIYVhIUgpqUExSVVY2UjJMTXc4a3ZLV0tPd0ZRc21qSE1xR1J1YmNaWWMxL1VCL3Nubi9lYTJEMDZoUlE9PQotLS0tLUVORCBSU0EgUFJJVkFURSBLRVktLS0tLQo=",
                "cluster_ca_certificate": "LS0tLS1CRUdJTiBDRVJUSUZJQ0FURS0tLS0tCk1JSUVMRENDQXBTZ0F3SUJBZ0lRY0o0ZnJvYjR3N1orcy9VRHZBZ0xXakFOQmdrcWhraUc5dzBCQVFzRkFEQXYKTVMwd0t3WURWUVFERXlRNU1qQXlNemMwWVMwd1lUVXhMVFF6TkRndE9HTmtaUzAxT1RKa1pUYzJNV1E1WldVdwpJQmNOTWpJd05qTXdNRGN5TXpJeVdoZ1BNakExTWpBMk1qSXdPREl6TWpKYU1DOHhMVEFyQmdOVkJBTVRKRGt5Ck1ESXpOelJoTFRCaE5URXRORE0wT0MwNFkyUmxMVFU1TW1SbE56WXhaRGxsWlRDQ0FhSXdEUVlKS29aSWh2Y04KQVFFQkJRQURnZ0dQQURDQ0FZb0NnZ0dCQUtzbnVSNXVCQXl3R1NlUUQ1MEZwSXNGTjR6SUo4WGJZZXlSWTBTTQpsZFJDMW5mTkFzR1VsYUZVOFViRGp4M0xKQXRJVGZhQjBJSzRDbFB5bWZMNDlYTWRWckNJSG5ucDArNVB3ejN0CmtLUkdXdXJwSkhDeTh4VUZnR1pYZzNzdG41N2FPNGZQcDNVTk1oK0F6Z042ZGttU3F6bzhmRytJRSsyL0FGdEYKM0NndC9lVXExem04OEFUMWtzQlRGTm5hK2RVbHkwYmQxeW1POWxwa1hybUhNYks5YkVxM2t3akVidGd4akVRcworcjRQTk1pUGM4cUs5MmpGWTNTajdWeElUMnNvR0x4UkFxQzlHbUpGeWxERW8vVmZvVS95SUZzL1Zic2h4Uko2CnFkWlZSd3FneWlDZlRIU1pWamZWckZMUGhmR283UllFaGZNeVF0Wk91Rmt5N056b1lJRG12MDhHR2tkOHQvdDYKekRqVmRTaXlzY25JNmdVRitVakkxekhPcU42Rk5qYVJCWkh1cmxUcks1ZlB0RS9ReFhjK3FiNGk2c0VOM2xwcworYTJkUmhyRm1zSTdzM3VmeEMzOXBEbXlNeS9wQkJkWHhnMVBnWVZDUVJGT2p5QXBUUWtFRmx4UmpOclJ5ZjNGCkVnZE91alhiMURMamVWMml4bHIwV09JWHZ3SURBUUFCbzBJd1FEQU9CZ05WSFE4QkFmOEVCQU1DQWdRd0R3WUQKVlIwVEFRSC9CQVV3QXdFQi96QWRCZ05WSFE0RUZnUVU5cXhZZFdnZlFGL09jY3M3ZWRUbFZNUjc1OHN3RFFZSgpLb1pJaHZjTkFRRUxCUUFEZ2dHQkFFYTFnSWNlRjJPMm9seGlpV2crY0I0R0JneVlwU0V3emRpcm9NS09BZnpnCk55b2xWL3U5Qk1UWFlwRUpaWExZSFBud0Yxc3FFRWI5RmtQMzhjcVZNVFZ0aWdhdHAyM1gzbHdwdzg0UkNJaHoKSmpZemJKT3R1RTRMczNhNi9hUm05amxEVXM2R2taMldvYThRekZyWGVOdDBsZmpCNUhYSGMwNDQxd1dzWWVMegp5UzgxTXNWZnB4K1l6QytNU0pzN3ZpSFRad2VqTHNsVXpTRXh1bEV3NUp5WW5PYnRSeHlYSDk5L1M4VEZsODVBCmY2OHRLNEZoU1V2b3p6U05QRzA2bTRqOGRIWVp1Zmc3NFB4U09QbGxLcW1RYSs3a1BFOWdobER5YlJxTFdEL0MKdVprVFNnUE1Xbkt2NjZDb1RKc2V2dEk2bExHS3lUWVpZQlpwRzU2SWtMdVZUTS9YaUtqVEtCR1g2VjNVQU95VwpTZ0l0YWQ2L1hOYkllaDV1ZEVZeGVXeXI2QUZhdjZ3Qnk5QXFwaTNOTTdBbmJObmQ2dnJFVDM3RDBDeE9vNEZiCk1pNmh1cTRhMzJvWksvVGxJZlNYSnEzcXhZZzg2T3UxRU4yWjkya0JhQXpkb1g5MW1hT2hxRnd3OVdRNEF0Q2UKamdlSkkyVHJWN3RxRFFRYlk5QkQxZz09Ci0tLS0tRU5EIENFUlRJRklDQVRFLS0tLS0K"
              }
            ],
            "master_authorized_networks_config": [],
            "master_version": "1.20.15-gke.9900",
            "min_master_version": null,
            "monitoring_config": [
              {
                "enable_components": [
                  "SYSTEM_COMPONENTS"
                ]
              }
            ],
            "monitoring_service": "monitoring.googleapis.com/kubernetes",
            "name": "gitlab",
            "network": "projects/lustrous-camera-352403/global/networks/gitlab",
            "network_policy": [
              {
                "enabled": false,
                "provider": "PROVIDER_UNSPECIFIED"
              }
            ],
            "networking_mode": "VPC_NATIVE",
            "node_config": [
              {
                "boot_disk_kms_key": "",
                "disk_size_gb": 100,
                "disk_type": "pd-standard",
                "gcfs_config": [],
                "guest_accelerator": [],
                "gvnic": [],
                "image_type": "COS_CONTAINERD",
                "labels": {
                  "cluster_name": "gitlab",
                  "node_pool": "gitlab"
                },
                "local_ssd_count": 0,
                "machine_type": "n1-standard-4",
                "metadata": {
                  "cluster_name": "gitlab",
                  "disable-legacy-endpoints": "true",
                  "node_pool": "gitlab"
                },
                "min_cpu_platform": "",
                "node_group": "",
                "oauth_scopes": [
                  "https://www.googleapis.com/auth/cloud-platform"
                ],
                "preemptible": false,
                "service_account": "tf-gke-gitlab-h8at@lustrous-camera-352403.iam.gserviceaccount.com",
                "shielded_instance_config": [
                  {
                    "enable_integrity_monitoring": true,
                    "enable_secure_boot": false
                  }
                ],
                "spot": false,
                "tags": [
                  "gke-gitlab",
                  "gke-gitlab-gitlab"
                ],
                "taint": [],
                "workload_metadata_config": [
                  {
                    "mode": "GKE_METADATA"
                  }
                ]
              }
            ],
            "node_locations": [
              "us-central1-a",
              "us-central1-b",
              "us-central1-c"
            ],
            "node_pool": [
              {
                "autoscaling": [],
                "initial_node_count": 1,
                "instance_group_urls": [
                  "https://www.googleapis.com/compute/v1/projects/lustrous-camera-352403/zones/us-central1-a/instanceGroupManagers/gke-gitlab-gitlab-75f43836-grp",
                  "https://www.googleapis.com/compute/v1/projects/lustrous-camera-352403/zones/us-central1-b/instanceGroupManagers/gke-gitlab-gitlab-9ae803c7-grp",
                  "https://www.googleapis.com/compute/v1/projects/lustrous-camera-352403/zones/us-central1-c/instanceGroupManagers/gke-gitlab-gitlab-1531ab8f-grp"
                ],
                "managed_instance_group_urls": [
                  "https://www.googleapis.com/compute/v1/projects/lustrous-camera-352403/zones/us-central1-a/instanceGroups/gke-gitlab-gitlab-75f43836-grp",
                  "https://www.googleapis.com/compute/v1/projects/lustrous-camera-352403/zones/us-central1-b/instanceGroups/gke-gitlab-gitlab-9ae803c7-grp",
                  "https://www.googleapis.com/compute/v1/projects/lustrous-camera-352403/zones/us-central1-c/instanceGroups/gke-gitlab-gitlab-1531ab8f-grp"
                ],
                "management": [
                  {
                    "auto_repair": true,
                    "auto_upgrade": true
                  }
                ],
                "max_pods_per_node": 110,
                "name": "gitlab",
                "name_prefix": "",
                "node_config": [
                  {
                    "boot_disk_kms_key": "",
                    "disk_size_gb": 100,
                    "disk_type": "pd-standard",
                    "gcfs_config": [],
                    "guest_accelerator": [],
                    "gvnic": [],
                    "image_type": "COS_CONTAINERD",
                    "labels": {
                      "cluster_name": "gitlab",
                      "node_pool": "gitlab"
                    },
                    "local_ssd_count": 0,
                    "machine_type": "n1-standard-4",
                    "metadata": {
                      "cluster_name": "gitlab",
                      "disable-legacy-endpoints": "true",
                      "node_pool": "gitlab"
                    },
                    "min_cpu_platform": "",
                    "node_group": "",
                    "oauth_scopes": [
                      "https://www.googleapis.com/auth/cloud-platform"
                    ],
                    "preemptible": false,
                    "service_account": "tf-gke-gitlab-h8at@lustrous-camera-352403.iam.gserviceaccount.com",
                    "shielded_instance_config": [
                      {
                        "enable_integrity_monitoring": true,
                        "enable_secure_boot": false
                      }
                    ],
                    "spot": false,
                    "tags": [
                      "gke-gitlab",
                      "gke-gitlab-gitlab"
                    ],
                    "taint": [],
                    "workload_metadata_config": [
                      {
                        "mode": "GKE_METADATA"
                      }
                    ]
                  }
                ],
                "node_count": 1,
                "node_locations": [
                  "us-central1-a",
                  "us-central1-b",
                  "us-central1-c"
                ],
                "upgrade_settings": [
                  {
                    "max_surge": 1,
                    "max_unavailable": 0
                  }
                ],
                "version": "1.20.15-gke.9900"
              }
            ],
            "node_version": "1.20.15-gke.9900",
            "operation": null,
            "private_cluster_config": [],
            "private_ipv6_google_access": "",
            "project": "lustrous-camera-352403",
            "release_channel": [
              {
                "channel": "UNSPECIFIED"
              }
            ],
            "remove_default_node_pool": null,
            "resource_labels": {},
            "resource_usage_export_config": [],
            "self_link": "https://container.googleapis.com/v1/projects/lustrous-camera-352403/locations/us-central1/clusters/gitlab",
            "services_ipv4_cidr": "10.2.0.0/16",
            "subnetwork": "projects/lustrous-camera-352403/regions/us-central1/subnetworks/gitlab",
            "tpu_ipv4_cidr_block": "",
            "vertical_pod_autoscaling": [
              {
                "enabled": false
              }
            ],
            "workload_identity_config": [
              {
                "workload_pool": "lustrous-camera-352403.svc.id.goog"
              }
            ]
          },
          "sensitive_attributes": []
        }
      ]
    },
    {
      "module": "module.gke_auth",
      "mode": "data",
      "type": "template_file",
      "name": "kubeconfig",
      "provider": "provider[\"registry.terraform.io/hashicorp/template\"]",
      "instances": [
        {
          "schema_version": 0,
          "attributes": {
            "filename": null,
            "id": "59eb4b125b53bbad15c09c59d13204f5a416814385b2dcaae53b54c77604d88c",
            "rendered": "apiVersion: v1\r\nclusters:\r\n- cluster:\r\n    certificate-authority-data: LS0tLS1CRUdJTiBDRVJUSUZJQ0FURS0tLS0tCk1JSUVMRENDQXBTZ0F3SUJBZ0lRY0o0ZnJvYjR3N1orcy9VRHZBZ0xXakFOQmdrcWhraUc5dzBCQVFzRkFEQXYKTVMwd0t3WURWUVFERXlRNU1qQXlNemMwWVMwd1lUVXhMVFF6TkRndE9HTmtaUzAxT1RKa1pUYzJNV1E1WldVdwpJQmNOTWpJd05qTXdNRGN5TXpJeVdoZ1BNakExTWpBMk1qSXdPREl6TWpKYU1DOHhMVEFyQmdOVkJBTVRKRGt5Ck1ESXpOelJoTFRCaE5URXRORE0wT0MwNFkyUmxMVFU1TW1SbE56WXhaRGxsWlRDQ0FhSXdEUVlKS29aSWh2Y04KQVFFQkJRQURnZ0dQQURDQ0FZb0NnZ0dCQUtzbnVSNXVCQXl3R1NlUUQ1MEZwSXNGTjR6SUo4WGJZZXlSWTBTTQpsZFJDMW5mTkFzR1VsYUZVOFViRGp4M0xKQXRJVGZhQjBJSzRDbFB5bWZMNDlYTWRWckNJSG5ucDArNVB3ejN0CmtLUkdXdXJwSkhDeTh4VUZnR1pYZzNzdG41N2FPNGZQcDNVTk1oK0F6Z042ZGttU3F6bzhmRytJRSsyL0FGdEYKM0NndC9lVXExem04OEFUMWtzQlRGTm5hK2RVbHkwYmQxeW1POWxwa1hybUhNYks5YkVxM2t3akVidGd4akVRcworcjRQTk1pUGM4cUs5MmpGWTNTajdWeElUMnNvR0x4UkFxQzlHbUpGeWxERW8vVmZvVS95SUZzL1Zic2h4Uko2CnFkWlZSd3FneWlDZlRIU1pWamZWckZMUGhmR283UllFaGZNeVF0Wk91Rmt5N056b1lJRG12MDhHR2tkOHQvdDYKekRqVmRTaXlzY25JNmdVRitVakkxekhPcU42Rk5qYVJCWkh1cmxUcks1ZlB0RS9ReFhjK3FiNGk2c0VOM2xwcworYTJkUmhyRm1zSTdzM3VmeEMzOXBEbXlNeS9wQkJkWHhnMVBnWVZDUVJGT2p5QXBUUWtFRmx4UmpOclJ5ZjNGCkVnZE91alhiMURMamVWMml4bHIwV09JWHZ3SURBUUFCbzBJd1FEQU9CZ05WSFE4QkFmOEVCQU1DQWdRd0R3WUQKVlIwVEFRSC9CQVV3QXdFQi96QWRCZ05WSFE0RUZnUVU5cXhZZFdnZlFGL09jY3M3ZWRUbFZNUjc1OHN3RFFZSgpLb1pJaHZjTkFRRUxCUUFEZ2dHQkFFYTFnSWNlRjJPMm9seGlpV2crY0I0R0JneVlwU0V3emRpcm9NS09BZnpnCk55b2xWL3U5Qk1UWFlwRUpaWExZSFBud0Yxc3FFRWI5RmtQMzhjcVZNVFZ0aWdhdHAyM1gzbHdwdzg0UkNJaHoKSmpZemJKT3R1RTRMczNhNi9hUm05amxEVXM2R2taMldvYThRekZyWGVOdDBsZmpCNUhYSGMwNDQxd1dzWWVMegp5UzgxTXNWZnB4K1l6QytNU0pzN3ZpSFRad2VqTHNsVXpTRXh1bEV3NUp5WW5PYnRSeHlYSDk5L1M4VEZsODVBCmY2OHRLNEZoU1V2b3p6U05QRzA2bTRqOGRIWVp1Zmc3NFB4U09QbGxLcW1RYSs3a1BFOWdobER5YlJxTFdEL0MKdVprVFNnUE1Xbkt2NjZDb1RKc2V2dEk2bExHS3lUWVpZQlpwRzU2SWtMdVZUTS9YaUtqVEtCR1g2VjNVQU95VwpTZ0l0YWQ2L1hOYkllaDV1ZEVZeGVXeXI2QUZhdjZ3Qnk5QXFwaTNOTTdBbmJObmQ2dnJFVDM3RDBDeE9vNEZiCk1pNmh1cTRhMzJvWksvVGxJZlNYSnEzcXhZZzg2T3UxRU4yWjkya0JhQXpkb1g5MW1hT2hxRnd3OVdRNEF0Q2UKamdlSkkyVHJWN3RxRFFRYlk5QkQxZz09Ci0tLS0tRU5EIENFUlRJRklDQVRFLS0tLS0K\r\n    server: https://35.226.234.218\r\n  name: gitlab\r\ncontexts:\r\n- context:\r\n    cluster: gitlab\r\n    user: gitlab\r\n  name: gitlab\r\ncurrent-context: gitlab\r\nkind: Config\r\npreferences: {}\r\nusers:\r\n- name: gitlab\r\n  user:\r\n    token: ya29.a0ARrdaM_QsDkrkqfCEKNalvePCFqA3LLiGrIOXz6cHn34Yg2r2sQi_-7T0oTpsxCNIzo7kc_rF-LVdEM9u0ypjSyhEKIYlNpUzdWArSGhh0d3HBWTqYFZ0O7mS5faniMnyv0nXgzwmH8VTgD-ge5S3STHemdNxYpBmZOM_w\r\n",
            "template": "apiVersion: v1\r\nclusters:\r\n- cluster:\r\n    certificate-authority-data: ${cluster_ca_certificate}\r\n    server: https://${endpoint}\r\n  name: ${context}\r\ncontexts:\r\n- context:\r\n    cluster: ${context}\r\n    user: ${context}\r\n  name: ${context}\r\ncurrent-context: ${context}\r\nkind: Config\r\npreferences: {}\r\nusers:\r\n- name: ${context}\r\n  user:\r\n    token: ${token}\r\n",
            "vars": {
              "cluster_ca_certificate": "LS0tLS1CRUdJTiBDRVJUSUZJQ0FURS0tLS0tCk1JSUVMRENDQXBTZ0F3SUJBZ0lRY0o0ZnJvYjR3N1orcy9VRHZBZ0xXakFOQmdrcWhraUc5dzBCQVFzRkFEQXYKTVMwd0t3WURWUVFERXlRNU1qQXlNemMwWVMwd1lUVXhMVFF6TkRndE9HTmtaUzAxT1RKa1pUYzJNV1E1WldVdwpJQmNOTWpJd05qTXdNRGN5TXpJeVdoZ1BNakExTWpBMk1qSXdPREl6TWpKYU1DOHhMVEFyQmdOVkJBTVRKRGt5Ck1ESXpOelJoTFRCaE5URXRORE0wT0MwNFkyUmxMVFU1TW1SbE56WXhaRGxsWlRDQ0FhSXdEUVlKS29aSWh2Y04KQVFFQkJRQURnZ0dQQURDQ0FZb0NnZ0dCQUtzbnVSNXVCQXl3R1NlUUQ1MEZwSXNGTjR6SUo4WGJZZXlSWTBTTQpsZFJDMW5mTkFzR1VsYUZVOFViRGp4M0xKQXRJVGZhQjBJSzRDbFB5bWZMNDlYTWRWckNJSG5ucDArNVB3ejN0CmtLUkdXdXJwSkhDeTh4VUZnR1pYZzNzdG41N2FPNGZQcDNVTk1oK0F6Z042ZGttU3F6bzhmRytJRSsyL0FGdEYKM0NndC9lVXExem04OEFUMWtzQlRGTm5hK2RVbHkwYmQxeW1POWxwa1hybUhNYks5YkVxM2t3akVidGd4akVRcworcjRQTk1pUGM4cUs5MmpGWTNTajdWeElUMnNvR0x4UkFxQzlHbUpGeWxERW8vVmZvVS95SUZzL1Zic2h4Uko2CnFkWlZSd3FneWlDZlRIU1pWamZWckZMUGhmR283UllFaGZNeVF0Wk91Rmt5N056b1lJRG12MDhHR2tkOHQvdDYKekRqVmRTaXlzY25JNmdVRitVakkxekhPcU42Rk5qYVJCWkh1cmxUcks1ZlB0RS9ReFhjK3FiNGk2c0VOM2xwcworYTJkUmhyRm1zSTdzM3VmeEMzOXBEbXlNeS9wQkJkWHhnMVBnWVZDUVJGT2p5QXBUUWtFRmx4UmpOclJ5ZjNGCkVnZE91alhiMURMamVWMml4bHIwV09JWHZ3SURBUUFCbzBJd1FEQU9CZ05WSFE4QkFmOEVCQU1DQWdRd0R3WUQKVlIwVEFRSC9CQVV3QXdFQi96QWRCZ05WSFE0RUZnUVU5cXhZZFdnZlFGL09jY3M3ZWRUbFZNUjc1OHN3RFFZSgpLb1pJaHZjTkFRRUxCUUFEZ2dHQkFFYTFnSWNlRjJPMm9seGlpV2crY0I0R0JneVlwU0V3emRpcm9NS09BZnpnCk55b2xWL3U5Qk1UWFlwRUpaWExZSFBud0Yxc3FFRWI5RmtQMzhjcVZNVFZ0aWdhdHAyM1gzbHdwdzg0UkNJaHoKSmpZemJKT3R1RTRMczNhNi9hUm05amxEVXM2R2taMldvYThRekZyWGVOdDBsZmpCNUhYSGMwNDQxd1dzWWVMegp5UzgxTXNWZnB4K1l6QytNU0pzN3ZpSFRad2VqTHNsVXpTRXh1bEV3NUp5WW5PYnRSeHlYSDk5L1M4VEZsODVBCmY2OHRLNEZoU1V2b3p6U05QRzA2bTRqOGRIWVp1Zmc3NFB4U09QbGxLcW1RYSs3a1BFOWdobER5YlJxTFdEL0MKdVprVFNnUE1Xbkt2NjZDb1RKc2V2dEk2bExHS3lUWVpZQlpwRzU2SWtMdVZUTS9YaUtqVEtCR1g2VjNVQU95VwpTZ0l0YWQ2L1hOYkllaDV1ZEVZeGVXeXI2QUZhdjZ3Qnk5QXFwaTNOTTdBbmJObmQ2dnJFVDM3RDBDeE9vNEZiCk1pNmh1cTRhMzJvWksvVGxJZlNYSnEzcXhZZzg2T3UxRU4yWjkya0JhQXpkb1g5MW1hT2hxRnd3OVdRNEF0Q2UKamdlSkkyVHJWN3RxRFFRYlk5QkQxZz09Ci0tLS0tRU5EIENFUlRJRklDQVRFLS0tLS0K",
              "context": "gitlab",
              "endpoint": "35.226.234.218",
              "token": "ya29.a0ARrdaM_QsDkrkqfCEKNalvePCFqA3LLiGrIOXz6cHn34Yg2r2sQi_-7T0oTpsxCNIzo7kc_rF-LVdEM9u0ypjSyhEKIYlNpUzdWArSGhh0d3HBWTqYFZ0O7mS5faniMnyv0nXgzwmH8VTgD-ge5S3STHemdNxYpBmZOM_w"
            }
          },
          "sensitive_attributes": [
            [
              {
                "type": "get_attr",
                "value": "vars"
              },
              {
                "type": "index",
                "value": {
                  "value": "token",
                  "type": "string"
                }
              }
            ]
          ]
        }
      ]
    }
  ]
}
